// !$*UTF8*$!
{
	archiveVersion = 1;
	classes = {
	};
	objectVersion = 70;
	objects = {

/* Begin PBXBuildFile section */
		B00000000000000000000003 /* KodCore in Frameworks */ = {isa = PBXBuildFile; productRef = I00000000000000000000002 /* KodCore */; };
		B00000000000000000000005 /* KodCore in Frameworks */ = {isa = PBXBuildFile; productRef = I00000000000000000000003 /* KodCore */; };
		B00000000000000000000007 /* SourceModel in Frameworks */ = {isa = PBXBuildFile; productRef = I00000000000000000000004 /* SourceModel */; };
		B00000000000000000000008 /* CodeViewport in Frameworks */ = {isa = PBXBuildFile; productRef = I00000000000000000000005 /* CodeViewport */; };
		B00000000000000000000011 /* WorkspaceCore in Frameworks */ = {isa = PBXBuildFile; productRef = I00000000000000000000006 /* WorkspaceCore */; };
		B00000000000000000000020 /* ThemeCore in Frameworks */ = {isa = PBXBuildFile; productRef = I00000000000000000000007 /* ThemeCore */; };
		B00000000000000000000021 /* FontCore in Frameworks */ = {isa = PBXBuildFile; productRef = I00000000000000000000008 /* FontCore */; };
		B00000000000000000000022 /* SearchCore in Frameworks */ = {isa = PBXBuildFile; productRef = I00000000000000000000009 /* SearchCore */; };
		B00000000000000000000023 /* SearchCore in Frameworks */ = {isa = PBXBuildFile; productRef = I0000000000000000000000A /* SearchCore */; };
		B00000000000000000000027 /* SourceModel in Frameworks */ = {isa = PBXBuildFile; productRef = I0000000000000000000000B /* SourceModel */; };
		B00000000000000000000028 /* WorkspaceCore in Frameworks */ = {isa = PBXBuildFile; productRef = I0000000000000000000000C /* WorkspaceCore */; };
		B00000000000000000000029 /* CodeViewport in Frameworks */ = {isa = PBXBuildFile; productRef = I0000000000000000000000D /* CodeViewport */; };
		B0000000000000000000002A /* ThemeCore in Frameworks */ = {isa = PBXBuildFile; productRef = I0000000000000000000000E /* ThemeCore */; };
		B0000000000000000000002B /* FontCore in Frameworks */ = {isa = PBXBuildFile; productRef = I0000000000000000000000F /* FontCore */; };
		B0000000000000000000002F /* LanguageClient in Frameworks */ = {isa = PBXBuildFile; productRef = I00000000000000000000010 /* LanguageClient */; };
		B00000000000000000000030 /* LanguageClient in Frameworks */ = {isa = PBXBuildFile; productRef = I00000000000000000000011 /* LanguageClient */; };
		B00000000000000000000033 /* SyntaxCore in Frameworks */ = {isa = PBXBuildFile; productRef = I00000000000000000000012 /* SyntaxCore */; };
		B00000000000000000000034 /* SyntaxCore in Frameworks */ = {isa = PBXBuildFile; productRef = I00000000000000000000013 /* SyntaxCore */; };
		B0000000000000000000003B /* LanguageAdapters in Frameworks */ = {isa = PBXBuildFile; productRef = I00000000000000000000014 /* LanguageAdapters */; };
		B0000000000000000000003C /* LanguageAdapters in Frameworks */ = {isa = PBXBuildFile; productRef = I00000000000000000000015 /* LanguageAdapters */; };
		B0000000000000000000004C /* GitCore in Frameworks */ = {isa = PBXBuildFile; productRef = I00000000000000000000018 /* GitCore */; };
		B0000000000000000000004D /* GitCore in Frameworks */ = {isa = PBXBuildFile; productRef = I00000000000000000000019 /* GitCore */; };
		B000000000000000000000AE /* SourceIO in Frameworks */ = {isa = PBXBuildFile; productRef = I0000000000000000000001E /* SourceIO */; };
		B000000000000000000000AF /* SourceIO in Frameworks */ = {isa = PBXBuildFile; productRef = I0000000000000000000001F /* SourceIO */; };
		B000000000000000000000B6 /* SettingsCore in Frameworks */ = {isa = PBXBuildFile; productRef = I00000000000000000000020 /* SettingsCore */; };
		B000000000000000000000B7 /* SettingsCore in Frameworks */ = {isa = PBXBuildFile; productRef = I00000000000000000000021 /* SettingsCore */; };
		B000000000000000000000B8 /* KodUI in Frameworks */ = {isa = PBXBuildFile; productRef = I00000000000000000000023 /* KodUI */; };
		B000000000000000000000B9 /* KodUI in Frameworks */ = {isa = PBXBuildFile; productRef = I00000000000000000000024 /* KodUI */; };
		B000000000000000000000BA /* SearchUI in Frameworks */ = {isa = PBXBuildFile; productRef = I00000000000000000000025 /* SearchUI */; };
		B000000000000000000000BB /* SearchUI in Frameworks */ = {isa = PBXBuildFile; productRef = I00000000000000000000026 /* SearchUI */; };
		B000000000000000000000BC /* PreviewUI in Frameworks */ = {isa = PBXBuildFile; productRef = I00000000000000000000027 /* PreviewUI */; };
		B000000000000000000000BD /* PreviewUI in Frameworks */ = {isa = PBXBuildFile; productRef = I00000000000000000000028 /* PreviewUI */; };
		B000000000000000000000BE /* GitUI in Frameworks */ = {isa = PBXBuildFile; productRef = I00000000000000000000029 /* GitUI */; };
		B000000000000000000000BF /* GitUI in Frameworks */ = {isa = PBXBuildFile; productRef = I0000000000000000000002A /* GitUI */; };
		B000000000000000000000C0 /* EditorUI in Frameworks */ = {isa = PBXBuildFile; productRef = I0000000000000000000002B /* EditorUI */; };
		B000000000000000000000C1 /* EditorUI in Frameworks */ = {isa = PBXBuildFile; productRef = I0000000000000000000002C /* EditorUI */; };
		B00000000000000000000052 /* PreviewCore in Frameworks */ = {isa = PBXBuildFile; productRef = I0000000000000000000001A /* PreviewCore */; };
		B00000000000000000000053 /* PreviewCore in Frameworks */ = {isa = PBXBuildFile; productRef = I0000000000000000000001B /* PreviewCore */; };
		B00000000000000000000059 /* DiagnosticsCore in Frameworks */ = {isa = PBXBuildFile; productRef = I0000000000000000000001C /* DiagnosticsCore */; };
		B0000000000000000000005A /* DiagnosticsCore in Frameworks */ = {isa = PBXBuildFile; productRef = I0000000000000000000001D /* DiagnosticsCore */; };
		B10000000000000000000001 /* Sparkle in Frameworks */ = {isa = PBXBuildFile; productRef = I10000000000000000000002 /* Sparkle */; };
		B10000000000000000000002 /* KodUIComponents in Frameworks */ = {isa = PBXBuildFile; productRef = I10000000000000000000003 /* KodUIComponents */; };
		B10000000000000000000003 /* KodUIComponents in Frameworks */ = {isa = PBXBuildFile; productRef = I10000000000000000000004 /* KodUIComponents */; };
/* End PBXBuildFile section */

/* Begin PBXContainerItemProxy section */
		F00000000000000000000001 /* PBXContainerItemProxy */ = {
			isa = PBXContainerItemProxy;
			containerPortal = A00000000000000000000001 /* Project object */;
			proxyType = 1;
			remoteGlobalIDString = E00000000000000000000001;
			remoteInfo = Kod;
		};
		F00000000000000000000003 /* PBXContainerItemProxy */ = {
			isa = PBXContainerItemProxy;
			containerPortal = A00000000000000000000001 /* Project object */;
			proxyType = 1;
			remoteGlobalIDString = E00000000000000000000001;
			remoteInfo = Kod;
		};
/* End PBXContainerItemProxy section */

/* Begin PBXFileReference section */
		C00000000000000000000001 /* Kod.app */ = {isa = PBXFileReference; explicitFileType = wrapper.application; includeInIndex = 0; path = Kod.app; sourceTree = BUILT_PRODUCTS_DIR; };
		C00000000000000000000002 /* KodAppTests.xctest */ = {isa = PBXFileReference; explicitFileType = wrapper.cfbundle; includeInIndex = 0; path = KodAppTests.xctest; sourceTree = BUILT_PRODUCTS_DIR; };
		C00000000000000000000003 /* KodAppUITests.xctest */ = {isa = PBXFileReference; explicitFileType = wrapper.cfbundle; includeInIndex = 0; path = KodAppUITests.xctest; sourceTree = BUILT_PRODUCTS_DIR; };
/* End PBXFileReference section */

/* Begin PBXFrameworksBuildPhase section */
		D00000000000000000000002 /* Frameworks */ = {
			isa = PBXFrameworksBuildPhase;
			buildActionMask = 2147483647;
			files = (
				B00000000000000000000003 /* KodCore in Frameworks */,
				B000000000000000000000B8 /* KodUI in Frameworks */,
				B00000000000000000000007 /* SourceModel in Frameworks */,
				B000000000000000000000AE /* SourceIO in Frameworks */,
				B000000000000000000000B6 /* SettingsCore in Frameworks */,
				B10000000000000000000002 /* KodUIComponents in Frameworks */,
				B000000000000000000000BA /* SearchUI in Frameworks */,
				B000000000000000000000BC /* PreviewUI in Frameworks */,
				B000000000000000000000BE /* GitUI in Frameworks */,
				B000000000000000000000C0 /* EditorUI in Frameworks */,
				B00000000000000000000008 /* CodeViewport in Frameworks */,
				B00000000000000000000011 /* WorkspaceCore in Frameworks */,
				B00000000000000000000020 /* ThemeCore in Frameworks */,
				B00000000000000000000021 /* FontCore in Frameworks */,
				B00000000000000000000022 /* SearchCore in Frameworks */,
				B0000000000000000000002F /* LanguageClient in Frameworks */,
				B00000000000000000000033 /* SyntaxCore in Frameworks */,
				B0000000000000000000003B /* LanguageAdapters in Frameworks */,
				B0000000000000000000004C /* GitCore in Frameworks */,
				B00000000000000000000052 /* PreviewCore in Frameworks */,
				B00000000000000000000059 /* DiagnosticsCore in Frameworks */,
				B10000000000000000000001 /* Sparkle in Frameworks */,
			);
			runOnlyForDeploymentPostprocessing = 0;
		};
		D00000000000000000000005 /* Frameworks */ = {
			isa = PBXFrameworksBuildPhase;
			buildActionMask = 2147483647;
			files = (
				B00000000000000000000005 /* KodCore in Frameworks */,
				B000000000000000000000B9 /* KodUI in Frameworks */,
				B00000000000000000000023 /* SearchCore in Frameworks */,
				B00000000000000000000027 /* SourceModel in Frameworks */,
				B000000000000000000000AF /* SourceIO in Frameworks */,
				B000000000000000000000B7 /* SettingsCore in Frameworks */,
				B10000000000000000000003 /* KodUIComponents in Frameworks */,
				B000000000000000000000BB /* SearchUI in Frameworks */,
				B000000000000000000000BD /* PreviewUI in Frameworks */,
				B000000000000000000000BF /* GitUI in Frameworks */,
				B000000000000000000000C1 /* EditorUI in Frameworks */,
				B00000000000000000000028 /* WorkspaceCore in Frameworks */,
				B00000000000000000000029 /* CodeViewport in Frameworks */,
				B0000000000000000000002A /* ThemeCore in Frameworks */,
				B0000000000000000000002B /* FontCore in Frameworks */,
				B00000000000000000000030 /* LanguageClient in Frameworks */,
				B00000000000000000000034 /* SyntaxCore in Frameworks */,
				B0000000000000000000003C /* LanguageAdapters in Frameworks */,
				B0000000000000000000004D /* GitCore in Frameworks */,
				B00000000000000000000053 /* PreviewCore in Frameworks */,
				B0000000000000000000005A /* DiagnosticsCore in Frameworks */,
			);
			runOnlyForDeploymentPostprocessing = 0;
		};
		D00000000000000000000008 /* Frameworks */ = {
			isa = PBXFrameworksBuildPhase;
			buildActionMask = 2147483647;
			files = (
			);
			runOnlyForDeploymentPostprocessing = 0;
		};
/* End PBXFrameworksBuildPhase section */

/* Begin PBXGroup section */
		A00000000000000000000002 = {
			isa = PBXGroup;
			children = (
				A00000000000000000000004 /* App */,
				A00000000000000000000003 /* Products */,
			);
			sourceTree = "<group>";
		};
		A00000000000000000000003 /* Products */ = {
			isa = PBXGroup;
			children = (
				C00000000000000000000001 /* Kod.app */,
				C00000000000000000000002 /* KodAppTests.xctest */,
				C00000000000000000000003 /* KodAppUITests.xctest */,
			);
			name = Products;
			sourceTree = "<group>";
		};
		A00000000000000000000004 /* App */ = {
			isa = PBXGroup;
			children = (
				A00000000000000000000007 /* KodApp */,
				A00000000000000000000008 /* KodAppTests */,
				A00000000000000000000009 /* KodAppUITests */,
			);
			path = App;
			sourceTree = "<group>";
		};
/* End PBXGroup section */

/* Begin PBXFileSystemSynchronizedBuildFileExceptionSet section */
		A10000000000000000000001 /* Exceptions for "KodApp" folder in "Kod" target */ = {
			isa = PBXFileSystemSynchronizedBuildFileExceptionSet;
			membershipExceptions = (
				Configuration/Info.plist,
			);
			target = E00000000000000000000001 /* Kod */;
		};
/* End PBXFileSystemSynchronizedBuildFileExceptionSet section */

/* Begin PBXFileSystemSynchronizedRootGroup section */
		A00000000000000000000007 /* KodApp */ = {
			isa = PBXFileSystemSynchronizedRootGroup;
			exceptions = (
				A10000000000000000000001 /* Exceptions for "KodApp" folder in "Kod" target */,
			);
			explicitFileTypes = {
			};
			explicitFolders = (
			);
			path = KodApp;
			sourceTree = "<group>";
		};
		A00000000000000000000008 /* KodAppTests */ = {
			isa = PBXFileSystemSynchronizedRootGroup;
			explicitFileTypes = {
			};
			explicitFolders = (
			);
			path = KodAppTests;
			sourceTree = "<group>";
		};
		A00000000000000000000009 /* KodAppUITests */ = {
			isa = PBXFileSystemSynchronizedRootGroup;
			explicitFileTypes = {
			};
			explicitFolders = (
			);
			path = KodAppUITests;
			sourceTree = "<group>";
		};
/* End PBXFileSystemSynchronizedRootGroup section */

/* Begin PBXNativeTarget section */
		E00000000000000000000001 /* Kod */ = {
			isa = PBXNativeTarget;
			buildConfigurationList = H00000000000000000000002 /* Build configuration list for PBXNativeTarget "Kod" */;
			buildPhases = (
				D00000000000000000000001 /* Sources */,
				D00000000000000000000002 /* Frameworks */,
				D00000000000000000000003 /* Resources */,
				D0000000000000000000000A /* Build Complete AppIcon.icns */,
			);
			buildRules = (
			);
			dependencies = (
			);
			fileSystemSynchronizedGroups = (
				A00000000000000000000007 /* KodApp */,
			);
			name = Kod;
			packageProductDependencies = (
				I00000000000000000000002 /* KodCore */,
				I00000000000000000000023 /* KodUI */,
				I00000000000000000000004 /* SourceModel */,
				I0000000000000000000001E /* SourceIO */,
				I00000000000000000000020 /* SettingsCore */,
				I10000000000000000000003 /* KodUIComponents */,
				I00000000000000000000025 /* SearchUI */,
				I00000000000000000000027 /* PreviewUI */,
				I00000000000000000000029 /* GitUI */,
				I0000000000000000000002B /* EditorUI */,
				I00000000000000000000005 /* CodeViewport */,
				I00000000000000000000006 /* WorkspaceCore */,
				I00000000000000000000007 /* ThemeCore */,
				I00000000000000000000008 /* FontCore */,
				I00000000000000000000009 /* SearchCore */,
				I00000000000000000000010 /* LanguageClient */,
				I00000000000000000000012 /* SyntaxCore */,
				I00000000000000000000014 /* LanguageAdapters */,
				I00000000000000000000018 /* GitCore */,
				I0000000000000000000001A /* PreviewCore */,
				I0000000000000000000001C /* DiagnosticsCore */,
				I10000000000000000000002 /* Sparkle */,
			);
			productName = Kod;
			productReference = C00000000000000000000001 /* Kod.app */;
			productType = "com.apple.product-type.application";
		};
		E00000000000000000000002 /* KodAppTests */ = {
			isa = PBXNativeTarget;
			buildConfigurationList = H00000000000000000000003 /* Build configuration list for PBXNativeTarget "KodAppTests" */;
			buildPhases = (
				D00000000000000000000004 /* Sources */,
				D00000000000000000000005 /* Frameworks */,
				D00000000000000000000006 /* Resources */,
			);
			buildRules = (
			);
			dependencies = (
				F00000000000000000000004 /* PBXTargetDependency */,
			);
			fileSystemSynchronizedGroups = (
				A00000000000000000000008 /* KodAppTests */,
			);
			name = KodAppTests;
			packageProductDependencies = (
				I00000000000000000000003 /* KodCore */,
				I00000000000000000000024 /* KodUI */,
				I0000000000000000000000A /* SearchCore */,
				I0000000000000000000000B /* SourceModel */,
				I0000000000000000000001F /* SourceIO */,
				I00000000000000000000021 /* SettingsCore */,
				I10000000000000000000004 /* KodUIComponents */,
				I00000000000000000000026 /* SearchUI */,
				I00000000000000000000028 /* PreviewUI */,
				I0000000000000000000002A /* GitUI */,
				I0000000000000000000002C /* EditorUI */,
				I0000000000000000000000C /* WorkspaceCore */,
				I0000000000000000000000D /* CodeViewport */,
				I0000000000000000000000E /* ThemeCore */,
				I0000000000000000000000F /* FontCore */,
				I00000000000000000000011 /* LanguageClient */,
				I00000000000000000000013 /* SyntaxCore */,
				I00000000000000000000015 /* LanguageAdapters */,
				I00000000000000000000019 /* GitCore */,
				I0000000000000000000001B /* PreviewCore */,
				I0000000000000000000001D /* DiagnosticsCore */,
			);
			productName = KodAppTests;
			productReference = C00000000000000000000002 /* KodAppTests.xctest */;
			productType = "com.apple.product-type.bundle.unit-test";
		};
		E00000000000000000000003 /* KodAppUITests */ = {
			isa = PBXNativeTarget;
			buildConfigurationList = H00000000000000000000004 /* Build configuration list for PBXNativeTarget "KodAppUITests" */;
			buildPhases = (
				D00000000000000000000007 /* Sources */,
				D00000000000000000000008 /* Frameworks */,
				D00000000000000000000009 /* Resources */,
			);
			buildRules = (
			);
			dependencies = (
				F00000000000000000000002 /* PBXTargetDependency */,
			);
			fileSystemSynchronizedGroups = (
				A00000000000000000000009 /* KodAppUITests */,
			);
			name = KodAppUITests;
			productName = KodAppUITests;
			productReference = C00000000000000000000003 /* KodAppUITests.xctest */;
			productType = "com.apple.product-type.bundle.ui-testing";
		};
/* End PBXNativeTarget section */

/* Begin PBXProject section */
		A00000000000000000000001 /* Project object */ = {
			isa = PBXProject;
			attributes = {
				BuildIndependentTargetsInParallel = 1;
				LastSwiftUpdateCheck = 2650;
				LastUpgradeCheck = 2650;
				TargetAttributes = {
					E00000000000000000000001 = {
						CreatedOnToolsVersion = 26.5;
					};
					E00000000000000000000002 = {
						CreatedOnToolsVersion = 26.5;
						TestTargetID = E00000000000000000000001;
					};
					E00000000000000000000003 = {
						CreatedOnToolsVersion = 26.5;
						TestTargetID = E00000000000000000000001;
					};
				};
			};
			buildConfigurationList = H00000000000000000000001 /* Build configuration list for PBXProject "Kod" */;
			compatibilityVersion = "Xcode 15.0";
			developmentRegion = en;
			hasScannedForEncodings = 0;
			knownRegions = (
				en,
				Base,
			);
			mainGroup = A00000000000000000000002;
			packageReferences = (
				I00000000000000000000001 /* XCLocalSwiftPackageReference "KodCore" */,
				I00000000000000000000022 /* XCLocalSwiftPackageReference "KodUI" */,
				I10000000000000000000001 /* XCRemoteSwiftPackageReference "Sparkle" */,
			);
			productRefGroup = A00000000000000000000003 /* Products */;
			projectDirPath = "";
			projectRoot = "";
			targets = (
				E00000000000000000000001 /* Kod */,
				E00000000000000000000002 /* KodAppTests */,
				E00000000000000000000003 /* KodAppUITests */,
			);
		};
/* End PBXProject section */

/* Begin PBXResourcesBuildPhase section */
		D00000000000000000000003 /* Resources */ = {
			isa = PBXResourcesBuildPhase;
			buildActionMask = 2147483647;
			files = (
			);
			runOnlyForDeploymentPostprocessing = 0;
		};
		D00000000000000000000006 /* Resources */ = {
			isa = PBXResourcesBuildPhase;
			buildActionMask = 2147483647;
			files = (
			);
			runOnlyForDeploymentPostprocessing = 0;
		};
		D00000000000000000000009 /* Resources */ = {
			isa = PBXResourcesBuildPhase;
			buildActionMask = 2147483647;
			files = (
			);
			runOnlyForDeploymentPostprocessing = 0;
		};
/* End PBXResourcesBuildPhase section */

/* Begin PBXShellScriptBuildPhase section */
		D0000000000000000000000A /* Build Complete AppIcon.icns */ = {
			isa = PBXShellScriptBuildPhase;
			alwaysOutOfDate = 1;
			buildActionMask = 2147483647;
			files = (
			);
			inputFileListPaths = (
			);
			inputPaths = (
				"$(SRCROOT)/App/KodApp/Resources/Assets.xcassets/AppIcon.appiconset/AppIcon-16.png",
				"$(SRCROOT)/App/KodApp/Resources/Assets.xcassets/AppIcon.appiconset/AppIcon-16@2x.png",
				"$(SRCROOT)/App/KodApp/Resources/Assets.xcassets/AppIcon.appiconset/AppIcon-32.png",
				"$(SRCROOT)/App/KodApp/Resources/Assets.xcassets/AppIcon.appiconset/AppIcon-32@2x.png",
				"$(SRCROOT)/App/KodApp/Resources/Assets.xcassets/AppIcon.appiconset/AppIcon-128.png",
				"$(SRCROOT)/App/KodApp/Resources/Assets.xcassets/AppIcon.appiconset/AppIcon-128@2x.png",
				"$(SRCROOT)/App/KodApp/Resources/Assets.xcassets/AppIcon.appiconset/AppIcon-256.png",
				"$(SRCROOT)/App/KodApp/Resources/Assets.xcassets/AppIcon.appiconset/AppIcon-256@2x.png",
				"$(SRCROOT)/App/KodApp/Resources/Assets.xcassets/AppIcon.appiconset/AppIcon-512.png",
				"$(SRCROOT)/App/KodApp/Resources/Assets.xcassets/AppIcon.appiconset/AppIcon-512@2x.png",
			);
			name = "Build Complete AppIcon.icns";
			outputFileListPaths = (
			);
			outputPaths = (
				"$(TARGET_BUILD_DIR)/$(UNLOCALIZED_RESOURCES_FOLDER_PATH)/AppIcon.icns",
			);
			runOnlyForDeploymentPostprocessing = 0;
			shellPath = /bin/sh;
			shellScript = "set -euo pipefail\n\nsource_dir=\"${SRCROOT}/App/KodApp/Resources/Assets.xcassets/AppIcon.appiconset\"\niconset_dir=\"${TEMP_DIR}/KodAppIcon.iconset\"\nicon_file=\"${TARGET_BUILD_DIR}/${UNLOCALIZED_RESOURCES_FOLDER_PATH}/AppIcon.icns\"\n\nrm -rf \"${iconset_dir}\"\nmkdir -p \"${iconset_dir}\"\n\ncp \"${source_dir}/AppIcon-16.png\" \"${iconset_dir}/icon_16x16.png\"\ncp \"${source_dir}/AppIcon-16@2x.png\" \"${iconset_dir}/icon_16x16@2x.png\"\ncp \"${source_dir}/AppIcon-32.png\" \"${iconset_dir}/icon_32x32.png\"\ncp \"${source_dir}/AppIcon-32@2x.png\" \"${iconset_dir}/icon_32x32@2x.png\"\ncp \"${source_dir}/AppIcon-128.png\" \"${iconset_dir}/icon_128x128.png\"\ncp \"${source_dir}/AppIcon-128@2x.png\" \"${iconset_dir}/icon_128x128@2x.png\"\ncp \"${source_dir}/AppIcon-256.png\" \"${iconset_dir}/icon_256x256.png\"\ncp \"${source_dir}/AppIcon-256@2x.png\" \"${iconset_dir}/icon_256x256@2x.png\"\ncp \"${source_dir}/AppIcon-512.png\" \"${iconset_dir}/icon_512x512.png\"\ncp \"${source_dir}/AppIcon-512@2x.png\" \"${iconset_dir}/icon_512x512@2x.png\"\n\niconutil -c icns -o \"${icon_file}\" \"${iconset_dir}\"\n";
		};
/* End PBXShellScriptBuildPhase section */

/* Begin PBXSourcesBuildPhase section */
		D00000000000000000000001 /* Sources */ = {
			isa = PBXSourcesBuildPhase;
			buildActionMask = 2147483647;
			files = (
			);
			runOnlyForDeploymentPostprocessing = 0;
		};
		D00000000000000000000004 /* Sources */ = {
			isa = PBXSourcesBuildPhase;
			buildActionMask = 2147483647;
			files = (
			);
			runOnlyForDeploymentPostprocessing = 0;
		};
		D00000000000000000000007 /* Sources */ = {
			isa = PBXSourcesBuildPhase;
			buildActionMask = 2147483647;
			files = (
			);
			runOnlyForDeploymentPostprocessing = 0;
		};
/* End PBXSourcesBuildPhase section */

/* Begin PBXTargetDependency section */
		F00000000000000000000002 /* PBXTargetDependency */ = {
			isa = PBXTargetDependency;
			target = E00000000000000000000001 /* Kod */;
			targetProxy = F00000000000000000000001 /* PBXContainerItemProxy */;
		};
		F00000000000000000000004 /* PBXTargetDependency */ = {
			isa = PBXTargetDependency;
			target = E00000000000000000000001 /* Kod */;
			targetProxy = F00000000000000000000003 /* PBXContainerItemProxy */;
		};
/* End PBXTargetDependency section */

/* Begin XCBuildConfiguration section */
		G00000000000000000000001 /* Debug */ = {
			isa = XCBuildConfiguration;
			buildSettings = {
				ALWAYS_SEARCH_USER_PATHS = NO;
				CLANG_ENABLE_MODULES = YES;
				CLANG_ENABLE_OBJC_ARC = YES;
				COPY_PHASE_STRIP = NO;
				DEBUG_INFORMATION_FORMAT = dwarf;
				ENABLE_TESTABILITY = YES;
				EXTRACT_APP_INTENTS_METADATA = NO;
				GCC_C_LANGUAGE_STANDARD = gnu17;
				GCC_NO_COMMON_BLOCKS = YES;
				GCC_OPTIMIZATION_LEVEL = 0;
				MACOSX_DEPLOYMENT_TARGET = 14.0;
				ONLY_ACTIVE_ARCH = YES;
				SDKROOT = macosx;
				SWIFT_ACTIVE_COMPILATION_CONDITIONS = "DEBUG $(inherited)";
				SWIFT_ENABLE_EXPLICIT_MODULES = NO;
				SWIFT_OPTIMIZATION_LEVEL = "-Onone";
				SWIFT_VERSION = 6.0;
			};
			name = Debug;
		};
		G00000000000000000000002 /* Release */ = {
			isa = XCBuildConfiguration;
			buildSettings = {
				ALWAYS_SEARCH_USER_PATHS = NO;
				CLANG_ENABLE_MODULES = YES;
				CLANG_ENABLE_OBJC_ARC = YES;
				COPY_PHASE_STRIP = NO;
				DEBUG_INFORMATION_FORMAT = "dwarf-with-dsym";
				ENABLE_NS_ASSERTIONS = NO;
				EXTRACT_APP_INTENTS_METADATA = NO;
				GCC_C_LANGUAGE_STANDARD = gnu17;
				GCC_NO_COMMON_BLOCKS = YES;
				MACOSX_DEPLOYMENT_TARGET = 14.0;
				SDKROOT = macosx;
				STRIP_INSTALLED_PRODUCT = NO;
				SWIFT_COMPILATION_MODE = wholemodule;
				SWIFT_ENABLE_EXPLICIT_MODULES = NO;
				SWIFT_OPTIMIZATION_LEVEL = "-O";
				SWIFT_VERSION = 6.0;
				VALIDATE_PRODUCT = YES;
			};
			name = Release;
		};
		G00000000000000000000003 /* Debug */ = {
			isa = XCBuildConfiguration;
			buildSettings = {
				ASSETCATALOG_COMPILER_APPICON_NAME = AppIcon;
				ARCHS = arm64;
				CODE_SIGN_ENTITLEMENTS = App/KodApp/Configuration/Kod.entitlements;
				CODE_SIGN_STYLE = Automatic;
				COMBINE_HIDPI_IMAGES = YES;
				CURRENT_PROJECT_VERSION = 1;
				ENABLE_HARDENED_RUNTIME = YES;
				ENABLE_USER_SCRIPT_SANDBOXING = YES;
				EXTRACT_APP_INTENTS_METADATA = NO;
				GENERATE_INFOPLIST_FILE = NO;
				INFOPLIST_FILE = App/KodApp/Configuration/Info.plist;
				LD_RUNPATH_SEARCH_PATHS = (
					"$(inherited)",
					"@executable_path/../Frameworks",
				);
				MARKETING_VERSION = 0.1.0;
				PRODUCT_BUNDLE_IDENTIFIER = com.kodapp.Kod;
				PRODUCT_NAME = "$(TARGET_NAME)";
				SPARKLE_PUBLIC_ED_KEY = "QPc9/PCKjkwBSStH1DrppI657aOAUc6UVUaYrIVQsec=";
				SWIFT_EMIT_LOC_STRINGS = YES;
				SWIFT_STRICT_CONCURRENCY = complete;
				SWIFT_TREAT_WARNINGS_AS_ERRORS = YES;
				SWIFT_VERSION = 6.0;
			};
			name = Debug;
		};
		G00000000000000000000004 /* Release */ = {
			isa = XCBuildConfiguration;
			buildSettings = {
				ASSETCATALOG_COMPILER_APPICON_NAME = AppIcon;
				ARCHS = arm64;
				CODE_SIGN_ENTITLEMENTS = App/KodApp/Configuration/Kod.entitlements;
				CODE_SIGN_STYLE = Automatic;
				COMBINE_HIDPI_IMAGES = YES;
				CURRENT_PROJECT_VERSION = 1;
				ENABLE_HARDENED_RUNTIME = YES;
				ENABLE_USER_SCRIPT_SANDBOXING = YES;
				EXTRACT_APP_INTENTS_METADATA = NO;
				GENERATE_INFOPLIST_FILE = NO;
				INFOPLIST_FILE = App/KodApp/Configuration/Info.plist;
				LD_RUNPATH_SEARCH_PATHS = (
					"$(inherited)",
					"@executable_path/../Frameworks",
				);
				MARKETING_VERSION = 0.1.0;
				PRODUCT_BUNDLE_IDENTIFIER = com.kodapp.Kod;
				PRODUCT_NAME = "$(TARGET_NAME)";
				SPARKLE_PUBLIC_ED_KEY = "QPc9/PCKjkwBSStH1DrppI657aOAUc6UVUaYrIVQsec=";
				SWIFT_EMIT_LOC_STRINGS = YES;
				SWIFT_STRICT_CONCURRENCY = complete;
				SWIFT_TREAT_WARNINGS_AS_ERRORS = YES;
				SWIFT_VERSION = 6.0;
			};
			name = Release;
		};
		G00000000000000000000005 /* Debug */ = {
			isa = XCBuildConfiguration;
			buildSettings = {
				BUNDLE_LOADER = "$(TEST_HOST)";
				CODE_SIGN_STYLE = Automatic;
				GENERATE_INFOPLIST_FILE = YES;
				MACOSX_DEPLOYMENT_TARGET = 14.0;
				PRODUCT_BUNDLE_IDENTIFIER = com.kodapp.KodAppTests;
				PRODUCT_NAME = "$(TARGET_NAME)";
				SWIFT_STRICT_CONCURRENCY = complete;
				SWIFT_TREAT_WARNINGS_AS_ERRORS = YES;
				SWIFT_VERSION = 6.0;
				TEST_HOST = "$(BUILT_PRODUCTS_DIR)/Kod.app/Contents/MacOS/Kod";
			};
			name = Debug;
		};
		G00000000000000000000006 /* Release */ = {
			isa = XCBuildConfiguration;
			buildSettings = {
				BUNDLE_LOADER = "$(TEST_HOST)";
				CODE_SIGN_STYLE = Automatic;
				GENERATE_INFOPLIST_FILE = YES;
				MACOSX_DEPLOYMENT_TARGET = 14.0;
				PRODUCT_BUNDLE_IDENTIFIER = com.kodapp.KodAppTests;
				PRODUCT_NAME = "$(TARGET_NAME)";
				SWIFT_STRICT_CONCURRENCY = complete;
				SWIFT_TREAT_WARNINGS_AS_ERRORS = YES;
				SWIFT_VERSION = 6.0;
				TEST_HOST = "$(BUILT_PRODUCTS_DIR)/Kod.app/Contents/MacOS/Kod";
			};
			name = Release;
		};
		G00000000000000000000007 /* Debug */ = {
			isa = XCBuildConfiguration;
			buildSettings = {
				CODE_SIGN_STYLE = Automatic;
				GENERATE_INFOPLIST_FILE = YES;
				MACOSX_DEPLOYMENT_TARGET = 14.0;
				PRODUCT_BUNDLE_IDENTIFIER = com.kodapp.KodAppUITests;
				PRODUCT_NAME = "$(TARGET_NAME)";
				SWIFT_STRICT_CONCURRENCY = complete;
				SWIFT_TREAT_WARNINGS_AS_ERRORS = YES;
				SWIFT_VERSION = 6.0;
				TEST_TARGET_NAME = Kod;
			};
			name = Debug;
		};
		G00000000000000000000008 /* Release */ = {
			isa = XCBuildConfiguration;
			buildSettings = {
				CODE_SIGN_STYLE = Automatic;
				GENERATE_INFOPLIST_FILE = YES;
				MACOSX_DEPLOYMENT_TARGET = 14.0;
				PRODUCT_BUNDLE_IDENTIFIER = com.kodapp.KodAppUITests;
				PRODUCT_NAME = "$(TARGET_NAME)";
				SWIFT_STRICT_CONCURRENCY = complete;
				SWIFT_TREAT_WARNINGS_AS_ERRORS = YES;
				SWIFT_VERSION = 6.0;
				TEST_TARGET_NAME = Kod;
			};
			name = Release;
		};
/* End XCBuildConfiguration section */

/* Begin XCConfigurationList section */
		H00000000000000000000001 /* Build configuration list for PBXProject "Kod" */ = {
			isa = XCConfigurationList;
			buildConfigurations = (
				G00000000000000000000001 /* Debug */,
				G00000000000000000000002 /* Release */,
			);
			defaultConfigurationIsVisible = 0;
			defaultConfigurationName = Release;
		};
		H00000000000000000000002 /* Build configuration list for PBXNativeTarget "Kod" */ = {
			isa = XCConfigurationList;
			buildConfigurations = (
				G00000000000000000000003 /* Debug */,
				G00000000000000000000004 /* Release */,
			);
			defaultConfigurationIsVisible = 0;
			defaultConfigurationName = Release;
		};
		H00000000000000000000003 /* Build configuration list for PBXNativeTarget "KodAppTests" */ = {
			isa = XCConfigurationList;
			buildConfigurations = (
				G00000000000000000000005 /* Debug */,
				G00000000000000000000006 /* Release */,
			);
			defaultConfigurationIsVisible = 0;
			defaultConfigurationName = Release;
		};
		H00000000000000000000004 /* Build configuration list for PBXNativeTarget "KodAppUITests" */ = {
			isa = XCConfigurationList;
			buildConfigurations = (
				G00000000000000000000007 /* Debug */,
				G00000000000000000000008 /* Release */,
			);
			defaultConfigurationIsVisible = 0;
			defaultConfigurationName = Release;
		};
/* End XCConfigurationList section */

/* Begin XCLocalSwiftPackageReference section */
		I00000000000000000000001 /* XCLocalSwiftPackageReference "KodCore" */ = {
			isa = XCLocalSwiftPackageReference;
			relativePath = Packages/KodCore;
		};
		I00000000000000000000022 /* XCLocalSwiftPackageReference "KodUI" */ = {
			isa = XCLocalSwiftPackageReference;
			relativePath = Packages/KodUI;
		};
/* End XCLocalSwiftPackageReference section */

/* Begin XCRemoteSwiftPackageReference section */
		I10000000000000000000001 /* XCRemoteSwiftPackageReference "Sparkle" */ = {
			isa = XCRemoteSwiftPackageReference;
			repositoryURL = "https://github.com/sparkle-project/Sparkle";
			requirement = {
				kind = exactVersion;
				version = 2.9.6;
			};
		};
/* End XCRemoteSwiftPackageReference section */

/* Begin XCSwiftPackageProductDependency section */
		I00000000000000000000002 /* KodCore */ = {
			isa = XCSwiftPackageProductDependency;
			package = I00000000000000000000001 /* XCLocalSwiftPackageReference "KodCore" */;
			productName = KodCore;
		};
		I00000000000000000000003 /* KodCore */ = {
			isa = XCSwiftPackageProductDependency;
			package = I00000000000000000000001 /* XCLocalSwiftPackageReference "KodCore" */;
			productName = KodCore;
		};
		I00000000000000000000004 /* SourceModel */ = {
			isa = XCSwiftPackageProductDependency;
			package = I00000000000000000000001 /* XCLocalSwiftPackageReference "KodCore" */;
			productName = SourceModel;
		};
		I00000000000000000000005 /* CodeViewport */ = {
			isa = XCSwiftPackageProductDependency;
			package = I00000000000000000000001 /* XCLocalSwiftPackageReference "KodCore" */;
			productName = CodeViewport;
		};
		I00000000000000000000006 /* WorkspaceCore */ = {
			isa = XCSwiftPackageProductDependency;
			package = I00000000000000000000001 /* XCLocalSwiftPackageReference "KodCore" */;
			productName = WorkspaceCore;
		};
		I00000000000000000000007 /* ThemeCore */ = {
			isa = XCSwiftPackageProductDependency;
			package = I00000000000000000000001 /* XCLocalSwiftPackageReference "KodCore" */;
			productName = ThemeCore;
		};
		I00000000000000000000008 /* FontCore */ = {
			isa = XCSwiftPackageProductDependency;
			package = I00000000000000000000001 /* XCLocalSwiftPackageReference "KodCore" */;
			productName = FontCore;
		};
		I00000000000000000000009 /* SearchCore */ = {
			isa = XCSwiftPackageProductDependency;
			package = I00000000000000000000001 /* XCLocalSwiftPackageReference "KodCore" */;
			productName = SearchCore;
		};
		I0000000000000000000000A /* SearchCore */ = {
			isa = XCSwiftPackageProductDependency;
			package = I00000000000000000000001 /* XCLocalSwiftPackageReference "KodCore" */;
			productName = SearchCore;
		};
		I0000000000000000000000B /* SourceModel */ = {
			isa = XCSwiftPackageProductDependency;
			package = I00000000000000000000001 /* XCLocalSwiftPackageReference "KodCore" */;
			productName = SourceModel;
		};
		I0000000000000000000000C /* WorkspaceCore */ = {
			isa = XCSwiftPackageProductDependency;
			package = I00000000000000000000001 /* XCLocalSwiftPackageReference "KodCore" */;
			productName = WorkspaceCore;
		};
		I0000000000000000000000D /* CodeViewport */ = {
			isa = XCSwiftPackageProductDependency;
			package = I00000000000000000000001 /* XCLocalSwiftPackageReference "KodCore" */;
			productName = CodeViewport;
		};
		I0000000000000000000000E /* ThemeCore */ = {
			isa = XCSwiftPackageProductDependency;
			package = I00000000000000000000001 /* XCLocalSwiftPackageReference "KodCore" */;
			productName = ThemeCore;
		};
		I0000000000000000000000F /* FontCore */ = {
			isa = XCSwiftPackageProductDependency;
			package = I00000000000000000000001 /* XCLocalSwiftPackageReference "KodCore" */;
			productName = FontCore;
		};
		I00000000000000000000010 /* LanguageClient */ = {
			isa = XCSwiftPackageProductDependency;
			package = I00000000000000000000001 /* XCLocalSwiftPackageReference "KodCore" */;
			productName = LanguageClient;
		};
		I00000000000000000000011 /* LanguageClient */ = {
			isa = XCSwiftPackageProductDependency;
			package = I00000000000000000000001 /* XCLocalSwiftPackageReference "KodCore" */;
			productName = LanguageClient;
		};
		I00000000000000000000012 /* SyntaxCore */ = {
			isa = XCSwiftPackageProductDependency;
			package = I00000000000000000000001 /* XCLocalSwiftPackageReference "KodCore" */;
			productName = SyntaxCore;
		};
		I00000000000000000000013 /* SyntaxCore */ = {
			isa = XCSwiftPackageProductDependency;
			package = I00000000000000000000001 /* XCLocalSwiftPackageReference "KodCore" */;
			productName = SyntaxCore;
		};
		I00000000000000000000014 /* LanguageAdapters */ = {
			isa = XCSwiftPackageProductDependency;
			package = I00000000000000000000001 /* XCLocalSwiftPackageReference "KodCore" */;
			productName = LanguageAdapters;
		};
		I00000000000000000000015 /* LanguageAdapters */ = {
			isa = XCSwiftPackageProductDependency;
			package = I00000000000000000000001 /* XCLocalSwiftPackageReference "KodCore" */;
			productName = LanguageAdapters;
		};
		I00000000000000000000018 /* GitCore */ = {
			isa = XCSwiftPackageProductDependency;
			package = I00000000000000000000001 /* XCLocalSwiftPackageReference "KodCore" */;
			productName = GitCore;
		};
		I00000000000000000000019 /* GitCore */ = {
			isa = XCSwiftPackageProductDependency;
			package = I00000000000000000000001 /* XCLocalSwiftPackageReference "KodCore" */;
			productName = GitCore;
		};
		I0000000000000000000001A /* PreviewCore */ = {
			isa = XCSwiftPackageProductDependency;
			package = I00000000000000000000001 /* XCLocalSwiftPackageReference "KodCore" */;
			productName = PreviewCore;
		};
		I0000000000000000000001B /* PreviewCore */ = {
			isa = XCSwiftPackageProductDependency;
			package = I00000000000000000000001 /* XCLocalSwiftPackageReference "KodCore" */;
			productName = PreviewCore;
		};
		I0000000000000000000001C /* DiagnosticsCore */ = {
			isa = XCSwiftPackageProductDependency;
			package = I00000000000000000000001 /* XCLocalSwiftPackageReference "KodCore" */;
			productName = DiagnosticsCore;
		};
		I0000000000000000000001D /* DiagnosticsCore */ = {
			isa = XCSwiftPackageProductDependency;
			package = I00000000000000000000001 /* XCLocalSwiftPackageReference "KodCore" */;
			productName = DiagnosticsCore;
		};
		I0000000000000000000001E /* SourceIO */ = {
			isa = XCSwiftPackageProductDependency;
			package = I00000000000000000000001 /* XCLocalSwiftPackageReference "KodCore" */;
			productName = SourceIO;
		};
		I0000000000000000000001F /* SourceIO */ = {
			isa = XCSwiftPackageProductDependency;
			package = I00000000000000000000001 /* XCLocalSwiftPackageReference "KodCore" */;
			productName = SourceIO;
		};
		I00000000000000000000020 /* SettingsCore */ = {
			isa = XCSwiftPackageProductDependency;
			package = I00000000000000000000001 /* XCLocalSwiftPackageReference "KodCore" */;
			productName = SettingsCore;
		};
		I00000000000000000000021 /* SettingsCore */ = {
			isa = XCSwiftPackageProductDependency;
			package = I00000000000000000000001 /* XCLocalSwiftPackageReference "KodCore" */;
			productName = SettingsCore;
		};
		I00000000000000000000023 /* KodUI */ = {
			isa = XCSwiftPackageProductDependency;
			package = I00000000000000000000022 /* XCLocalSwiftPackageReference "KodUI" */;
			productName = KodUI;
		};
		I00000000000000000000024 /* KodUI */ = {
			isa = XCSwiftPackageProductDependency;
			package = I00000000000000000000022 /* XCLocalSwiftPackageReference "KodUI" */;
			productName = KodUI;
		};
		I00000000000000000000025 /* SearchUI */ = {
			isa = XCSwiftPackageProductDependency;
			package = I00000000000000000000022 /* XCLocalSwiftPackageReference "KodUI" */;
			productName = SearchUI;
		};
		I00000000000000000000026 /* SearchUI */ = {
			isa = XCSwiftPackageProductDependency;
			package = I00000000000000000000022 /* XCLocalSwiftPackageReference "KodUI" */;
			productName = SearchUI;
		};
		I00000000000000000000027 /* PreviewUI */ = {
			isa = XCSwiftPackageProductDependency;
			package = I00000000000000000000022 /* XCLocalSwiftPackageReference "KodUI" */;
			productName = PreviewUI;
		};
		I00000000000000000000028 /* PreviewUI */ = {
			isa = XCSwiftPackageProductDependency;
			package = I00000000000000000000022 /* XCLocalSwiftPackageReference "KodUI" */;
			productName = PreviewUI;
		};
		I00000000000000000000029 /* GitUI */ = {
			isa = XCSwiftPackageProductDependency;
			package = I00000000000000000000022 /* XCLocalSwiftPackageReference "KodUI" */;
			productName = GitUI;
		};
		I0000000000000000000002A /* GitUI */ = {
			isa = XCSwiftPackageProductDependency;
			package = I00000000000000000000022 /* XCLocalSwiftPackageReference "KodUI" */;
			productName = GitUI;
		};
		I0000000000000000000002B /* EditorUI */ = {
			isa = XCSwiftPackageProductDependency;
			package = I00000000000000000000022 /* XCLocalSwiftPackageReference "KodUI" */;
			productName = EditorUI;
		};
		I0000000000000000000002C /* EditorUI */ = {
			isa = XCSwiftPackageProductDependency;
			package = I00000000000000000000022 /* XCLocalSwiftPackageReference "KodUI" */;
			productName = EditorUI;
		};
		I10000000000000000000002 /* Sparkle */ = {
			isa = XCSwiftPackageProductDependency;
			package = I10000000000000000000001 /* XCRemoteSwiftPackageReference "Sparkle" */;
			productName = Sparkle;
		};
		I10000000000000000000003 /* KodUIComponents */ = {
			isa = XCSwiftPackageProductDependency;
			package = I00000000000000000000022 /* XCLocalSwiftPackageReference "KodUI" */;
			productName = KodUIComponents;
		};
		I10000000000000000000004 /* KodUIComponents */ = {
			isa = XCSwiftPackageProductDependency;
			package = I00000000000000000000022 /* XCLocalSwiftPackageReference "KodUI" */;
			productName = KodUIComponents;
		};
/* End XCSwiftPackageProductDependency section */
	};
	rootObject = A00000000000000000000001 /* Project object */;
}
