// !$*UTF8*$!
{
	archiveVersion = 1;
	classes = {
	};
	objectVersion = 60;
	objects = {

/* Begin PBXBuildFile section */
		B00000000000000000000001 /* AppDelegate.swift in Sources */ = {isa = PBXBuildFile; fileRef = C00000000000000000000010 /* AppDelegate.swift */; };
		B00000000000000000000002 /* WelcomeView.swift in Sources */ = {isa = PBXBuildFile; fileRef = C00000000000000000000011 /* WelcomeView.swift */; };
		B00000000000000000000003 /* KodCore in Frameworks */ = {isa = PBXBuildFile; productRef = I00000000000000000000002 /* KodCore */; };
		B00000000000000000000004 /* KodAppTests.swift in Sources */ = {isa = PBXBuildFile; fileRef = C00000000000000000000012 /* KodAppTests.swift */; };
		B00000000000000000000005 /* KodCore in Frameworks */ = {isa = PBXBuildFile; productRef = I00000000000000000000003 /* KodCore */; };
		B00000000000000000000006 /* KodAppUITests.swift in Sources */ = {isa = PBXBuildFile; fileRef = C00000000000000000000013 /* KodAppUITests.swift */; };
		B00000000000000000000007 /* SourceModel in Frameworks */ = {isa = PBXBuildFile; productRef = I00000000000000000000004 /* SourceModel */; };
		B00000000000000000000008 /* CodeViewport in Frameworks */ = {isa = PBXBuildFile; productRef = I00000000000000000000005 /* CodeViewport */; };
		B00000000000000000000009 /* WorkspaceViewController.swift in Sources */ = {isa = PBXBuildFile; fileRef = C00000000000000000000014 /* WorkspaceViewController.swift */; };
		B00000000000000000000010 /* QuickOpenPanelController.swift in Sources */ = {isa = PBXBuildFile; fileRef = C00000000000000000000015 /* QuickOpenPanelController.swift */; };
		B00000000000000000000011 /* WorkspaceCore in Frameworks */ = {isa = PBXBuildFile; productRef = I00000000000000000000006 /* WorkspaceCore */; };
		B00000000000000000000014 /* CommandPaletteController.swift in Sources */ = {isa = PBXBuildFile; fileRef = C00000000000000000000018 /* CommandPaletteController.swift */; };
		B00000000000000000000015 /* GoToLinePanelController.swift in Sources */ = {isa = PBXBuildFile; fileRef = C00000000000000000000019 /* GoToLinePanelController.swift */; };
		B00000000000000000000016 /* StandaloneDocumentViewController.swift in Sources */ = {isa = PBXBuildFile; fileRef = C0000000000000000000001A /* StandaloneDocumentViewController.swift */; };
		B00000000000000000000018 /* SettingsView.swift in Sources */ = {isa = PBXBuildFile; fileRef = C0000000000000000000001C /* SettingsView.swift */; };
		B00000000000000000000019 /* SettingsWindowController.swift in Sources */ = {isa = PBXBuildFile; fileRef = C0000000000000000000001D /* SettingsWindowController.swift */; };
		B00000000000000000000090 /* LanguageSupportService.swift in Sources */ = {isa = PBXBuildFile; fileRef = C00000000000000000000090 /* LanguageSupportService.swift */; };
		B00000000000000000000091 /* LanguageSupportSettingsView.swift in Sources */ = {isa = PBXBuildFile; fileRef = C00000000000000000000091 /* LanguageSupportSettingsView.swift */; };
		B00000000000000000000092 /* LanguageSupportServiceTests.swift in Sources */ = {isa = PBXBuildFile; fileRef = C00000000000000000000092 /* LanguageSupportServiceTests.swift */; };
		B00000000000000000000020 /* ThemeCore in Frameworks */ = {isa = PBXBuildFile; productRef = I00000000000000000000007 /* ThemeCore */; };
		B00000000000000000000021 /* FontCore in Frameworks */ = {isa = PBXBuildFile; productRef = I00000000000000000000008 /* FontCore */; };
		B00000000000000000000022 /* SearchCore in Frameworks */ = {isa = PBXBuildFile; productRef = I00000000000000000000009 /* SearchCore */; };
		B00000000000000000000023 /* SearchCore in Frameworks */ = {isa = PBXBuildFile; productRef = I0000000000000000000000A /* SearchCore */; };
		B00000000000000000000027 /* SourceModel in Frameworks */ = {isa = PBXBuildFile; productRef = I0000000000000000000000B /* SourceModel */; };
		B00000000000000000000028 /* WorkspaceCore in Frameworks */ = {isa = PBXBuildFile; productRef = I0000000000000000000000C /* WorkspaceCore */; };
		B00000000000000000000029 /* CodeViewport in Frameworks */ = {isa = PBXBuildFile; productRef = I0000000000000000000000D /* CodeViewport */; };
		B0000000000000000000002A /* ThemeCore in Frameworks */ = {isa = PBXBuildFile; productRef = I0000000000000000000000E /* ThemeCore */; };
		B0000000000000000000002B /* FontCore in Frameworks */ = {isa = PBXBuildFile; productRef = I0000000000000000000000F /* FontCore */; };
		B00000000000000000000026 /* WorkspaceViewControllerLiveUpdateTests.swift in Sources */ = {isa = PBXBuildFile; fileRef = C00000000000000000000020 /* WorkspaceViewControllerLiveUpdateTests.swift */; };
		B0000000000000000000002D /* ProblemsViewController.swift in Sources */ = {isa = PBXBuildFile; fileRef = C00000000000000000000022 /* ProblemsViewController.swift */; };
		B0000000000000000000002E /* SymbolsViewController.swift in Sources */ = {isa = PBXBuildFile; fileRef = C00000000000000000000023 /* SymbolsViewController.swift */; };
		B0000000000000000000002F /* LanguageClient in Frameworks */ = {isa = PBXBuildFile; productRef = I00000000000000000000010 /* LanguageClient */; };
		B00000000000000000000030 /* LanguageClient in Frameworks */ = {isa = PBXBuildFile; productRef = I00000000000000000000011 /* LanguageClient */; };
		B00000000000000000000031 /* ProblemsViewControllerTests.swift in Sources */ = {isa = PBXBuildFile; fileRef = C00000000000000000000024 /* ProblemsViewControllerTests.swift */; };
		B00000000000000000000032 /* SymbolsViewControllerTests.swift in Sources */ = {isa = PBXBuildFile; fileRef = C00000000000000000000025 /* SymbolsViewControllerTests.swift */; };
		B00000000000000000000033 /* SyntaxCore in Frameworks */ = {isa = PBXBuildFile; productRef = I00000000000000000000012 /* SyntaxCore */; };
		B00000000000000000000034 /* SyntaxCore in Frameworks */ = {isa = PBXBuildFile; productRef = I00000000000000000000013 /* SyntaxCore */; };
		B00000000000000000000035 /* MultiLanguageServicesCoordinator.swift in Sources */ = {isa = PBXBuildFile; fileRef = C00000000000000000000026 /* MultiLanguageServicesCoordinator.swift */; };
		B00000000000000000000036 /* PeekViewController.swift in Sources */ = {isa = PBXBuildFile; fileRef = C00000000000000000000027 /* PeekViewController.swift */; };
		B00000000000000000000037 /* HierarchyViewController.swift in Sources */ = {isa = PBXBuildFile; fileRef = C00000000000000000000028 /* HierarchyViewController.swift */; };
		B00000000000000000000038 /* PeekViewControllerTests.swift in Sources */ = {isa = PBXBuildFile; fileRef = C00000000000000000000029 /* PeekViewControllerTests.swift */; };
		B00000000000000000000039 /* HierarchyViewControllerTests.swift in Sources */ = {isa = PBXBuildFile; fileRef = C0000000000000000000002A /* HierarchyViewControllerTests.swift */; };
		B0000000000000000000003A /* MultiLanguageServicesCoordinatorTests.swift in Sources */ = {isa = PBXBuildFile; fileRef = C0000000000000000000002B /* MultiLanguageServicesCoordinatorTests.swift */; };
		B0000000000000000000003B /* LanguageAdapters in Frameworks */ = {isa = PBXBuildFile; productRef = I00000000000000000000014 /* LanguageAdapters */; };
		B0000000000000000000003C /* LanguageAdapters in Frameworks */ = {isa = PBXBuildFile; productRef = I00000000000000000000015 /* LanguageAdapters */; };
		B00000000000000000000042 /* GitWorkspaceCoordinator.swift in Sources */ = {isa = PBXBuildFile; fileRef = C00000000000000000000030 /* GitWorkspaceCoordinator.swift */; };
		B00000000000000000000048 /* GitWorkspaceCoordinatorTests.swift in Sources */ = {isa = PBXBuildFile; fileRef = C00000000000000000000036 /* GitWorkspaceCoordinatorTests.swift */; };
		B0000000000000000000004C /* GitCore in Frameworks */ = {isa = PBXBuildFile; productRef = I00000000000000000000018 /* GitCore */; };
		B0000000000000000000004D /* GitCore in Frameworks */ = {isa = PBXBuildFile; productRef = I00000000000000000000019 /* GitCore */; };
		B00000000000000000000094 /* LanguageProviderFixtures.swift in Sources */ = {isa = PBXBuildFile; fileRef = C00000000000000000000094 /* LanguageProviderFixtures.swift */; };
		B00000000000000000000095 /* LanguageProviderRoutingTests.swift in Sources */ = {isa = PBXBuildFile; fileRef = C00000000000000000000095 /* LanguageProviderRoutingTests.swift */; };
		B00000000000000000000096 /* MultiLanguageServicesCoordinatorShutdownTests.swift in Sources */ = {isa = PBXBuildFile; fileRef = C00000000000000000000096 /* MultiLanguageServicesCoordinatorShutdownTests.swift */; };
		B00000000000000000000097 /* AppEnvironment.swift in Sources */ = {isa = PBXBuildFile; fileRef = C00000000000000000000097 /* AppEnvironment.swift */; };
		B00000000000000000000098 /* AppEnvironmentTests.swift in Sources */ = {isa = PBXBuildFile; fileRef = C00000000000000000000098 /* AppEnvironmentTests.swift */; };
		B00000000000000000000099 /* KodAppTestEnvironment.swift in Sources */ = {isa = PBXBuildFile; fileRef = C00000000000000000000099 /* KodAppTestEnvironment.swift */; };
		B0000000000000000000009A /* WorkspaceSession.swift in Sources */ = {isa = PBXBuildFile; fileRef = C0000000000000000000009A /* WorkspaceSession.swift */; };
		B0000000000000000000009B /* WorkspaceSessionTests.swift in Sources */ = {isa = PBXBuildFile; fileRef = C0000000000000000000009B /* WorkspaceSessionTests.swift */; };
		B0000000000000000000009C /* AppSessionRegistry.swift in Sources */ = {isa = PBXBuildFile; fileRef = C0000000000000000000009C /* AppSessionRegistry.swift */; };
		B0000000000000000000009D /* WorkspaceWindowController.swift in Sources */ = {isa = PBXBuildFile; fileRef = C0000000000000000000009D /* WorkspaceWindowController.swift */; };
		B0000000000000000000009E /* DocumentWindowController.swift in Sources */ = {isa = PBXBuildFile; fileRef = C0000000000000000000009E /* DocumentWindowController.swift */; };
		B0000000000000000000009F /* AppSessionRegistryTests.swift in Sources */ = {isa = PBXBuildFile; fileRef = C0000000000000000000009F /* AppSessionRegistryTests.swift */; };
		B000000000000000000000A0 /* WorkspaceWindowControllerTests.swift in Sources */ = {isa = PBXBuildFile; fileRef = C000000000000000000000A0 /* WorkspaceWindowControllerTests.swift */; };
		B000000000000000000000A1 /* DocumentWindowControllerTests.swift in Sources */ = {isa = PBXBuildFile; fileRef = C000000000000000000000A1 /* DocumentWindowControllerTests.swift */; };
		B000000000000000000000A2 /* WorkspaceHealthPresenter.swift in Sources */ = {isa = PBXBuildFile; fileRef = C000000000000000000000A2 /* WorkspaceHealthPresenter.swift */; };
		B000000000000000000000A3 /* WorkspaceHealthPresenterTests.swift in Sources */ = {isa = PBXBuildFile; fileRef = C000000000000000000000A3 /* WorkspaceHealthPresenterTests.swift */; };
		B000000000000000000000A4 /* WorkspaceGeometryController.swift in Sources */ = {isa = PBXBuildFile; fileRef = C000000000000000000000A4 /* WorkspaceGeometryController.swift */; };
		B000000000000000000000A5 /* WorkspaceExplorerController.swift in Sources */ = {isa = PBXBuildFile; fileRef = C000000000000000000000A5 /* WorkspaceExplorerController.swift */; };
		B000000000000000000000A6 /* WorkspaceTrustPresenter.swift in Sources */ = {isa = PBXBuildFile; fileRef = C000000000000000000000A6 /* WorkspaceTrustPresenter.swift */; };
		B000000000000000000000A7 /* LanguageSupportPromptQueue.swift in Sources */ = {isa = PBXBuildFile; fileRef = C000000000000000000000A7 /* LanguageSupportPromptQueue.swift */; };
		B000000000000000000000A8 /* GitQuickDiffCoordinator.swift in Sources */ = {isa = PBXBuildFile; fileRef = C000000000000000000000A8 /* GitQuickDiffCoordinator.swift */; };
		B000000000000000000000A9 /* WorkspaceGeometryControllerTests.swift in Sources */ = {isa = PBXBuildFile; fileRef = C000000000000000000000A9 /* WorkspaceGeometryControllerTests.swift */; };
		B000000000000000000000AA /* WorkspaceExplorerControllerTests.swift in Sources */ = {isa = PBXBuildFile; fileRef = C000000000000000000000AA /* WorkspaceExplorerControllerTests.swift */; };
		B000000000000000000000AB /* WorkspaceTrustPresenterTests.swift in Sources */ = {isa = PBXBuildFile; fileRef = C000000000000000000000AB /* WorkspaceTrustPresenterTests.swift */; };
		B000000000000000000000AC /* LanguageSupportPromptQueueTests.swift in Sources */ = {isa = PBXBuildFile; fileRef = C000000000000000000000AC /* LanguageSupportPromptQueueTests.swift */; };
		B000000000000000000000AD /* GitQuickDiffCoordinatorTests.swift in Sources */ = {isa = PBXBuildFile; fileRef = C000000000000000000000AD /* GitQuickDiffCoordinatorTests.swift */; };
		B000000000000000000000AE /* SourceIO in Frameworks */ = {isa = PBXBuildFile; productRef = I0000000000000000000001E /* SourceIO */; };
		B000000000000000000000AF /* SourceIO in Frameworks */ = {isa = PBXBuildFile; productRef = I0000000000000000000001F /* SourceIO */; };
		B000000000000000000000B0 /* WorkspaceCommandCatalog.swift in Sources */ = {isa = PBXBuildFile; fileRef = C000000000000000000000B0 /* WorkspaceCommandCatalog.swift */; };
		B000000000000000000000B1 /* WorkspaceActivityBarView.swift in Sources */ = {isa = PBXBuildFile; fileRef = C000000000000000000000B1 /* WorkspaceActivityBarView.swift */; };
		B000000000000000000000B2 /* WorkspaceActivityBarViewTests.swift in Sources */ = {isa = PBXBuildFile; fileRef = C000000000000000000000B2 /* WorkspaceActivityBarViewTests.swift */; };
		B000000000000000000000B3 /* WorkspaceStatusBarView.swift in Sources */ = {isa = PBXBuildFile; fileRef = C000000000000000000000B3 /* WorkspaceStatusBarView.swift */; };
		B000000000000000000000B4 /* WorkspaceStatusBarViewTests.swift in Sources */ = {isa = PBXBuildFile; fileRef = C000000000000000000000B4 /* WorkspaceStatusBarViewTests.swift */; };
		B000000000000000000000B6 /* SettingsCore in Frameworks */ = {isa = PBXBuildFile; productRef = I00000000000000000000020 /* SettingsCore */; };
		B000000000000000000000B7 /* SettingsCore in Frameworks */ = {isa = PBXBuildFile; productRef = I00000000000000000000021 /* SettingsCore */; };
		B000000000000000000000B8 /* KodUIComponents in Frameworks */ = {isa = PBXBuildFile; productRef = I00000000000000000000023 /* KodUIComponents */; };
		B000000000000000000000B9 /* KodUIComponents in Frameworks */ = {isa = PBXBuildFile; productRef = I00000000000000000000024 /* KodUIComponents */; };
		B000000000000000000000BA /* SearchUI in Frameworks */ = {isa = PBXBuildFile; productRef = I00000000000000000000025 /* SearchUI */; };
		B000000000000000000000BB /* SearchUI in Frameworks */ = {isa = PBXBuildFile; productRef = I00000000000000000000026 /* SearchUI */; };
		B000000000000000000000BC /* PreviewUI in Frameworks */ = {isa = PBXBuildFile; productRef = I00000000000000000000027 /* PreviewUI */; };
		B000000000000000000000BD /* PreviewUI in Frameworks */ = {isa = PBXBuildFile; productRef = I00000000000000000000028 /* PreviewUI */; };
		B000000000000000000000BE /* GitUI in Frameworks */ = {isa = PBXBuildFile; productRef = I00000000000000000000029 /* GitUI */; };
		B000000000000000000000BF /* GitUI in Frameworks */ = {isa = PBXBuildFile; productRef = I0000000000000000000002A /* GitUI */; };
		B000000000000000000000C0 /* EditorUI in Frameworks */ = {isa = PBXBuildFile; productRef = I0000000000000000000002B /* EditorUI */; };
		B000000000000000000000C1 /* EditorUI in Frameworks */ = {isa = PBXBuildFile; productRef = I0000000000000000000002C /* EditorUI */; };
		B00000000000000000000052 /* PreviewCore in Frameworks */ = {isa = PBXBuildFile; productRef = I0000000000000000000001A /* PreviewCore */; };
		B00000000000000000000053 /* PreviewCore in Frameworks */ = {isa = PBXBuildFile; productRef = I0000000000000000000001B /* PreviewCore */; };
		B00000000000000000000059 /* DiagnosticsCore in Frameworks */ = {isa = PBXBuildFile; productRef = I0000000000000000000001C /* DiagnosticsCore */; };
		B0000000000000000000005A /* DiagnosticsCore in Frameworks */ = {isa = PBXBuildFile; productRef = I0000000000000000000001D /* DiagnosticsCore */; };
		B0000000000000000000005B /* DiagnosticsView.swift in Sources */ = {isa = PBXBuildFile; fileRef = C00000000000000000000043 /* DiagnosticsView.swift */; };
		B0000000000000000000005C /* DiagnosticsViewModel.swift in Sources */ = {isa = PBXBuildFile; fileRef = C00000000000000000000044 /* DiagnosticsViewModel.swift */; };
		B0000000000000000000005D /* WorkspaceViewControllerTrustControlTests.swift in Sources */ = {isa = PBXBuildFile; fileRef = C00000000000000000000045 /* WorkspaceViewControllerTrustControlTests.swift */; };
		B0000000000000000000005E /* DiagnosticsViewModelTests.swift in Sources */ = {isa = PBXBuildFile; fileRef = C00000000000000000000046 /* DiagnosticsViewModelTests.swift */; };
		B0000000000000000000005F /* KeyboardCommandRegistry.swift in Sources */ = {isa = PBXBuildFile; fileRef = C00000000000000000000047 /* KeyboardCommandRegistry.swift */; };
		B00000000000000000000060 /* Localized.swift in Sources */ = {isa = PBXBuildFile; fileRef = C00000000000000000000048 /* Localized.swift */; };
		B00000000000000000000061 /* Localizable.xcstrings in Resources */ = {isa = PBXBuildFile; fileRef = C00000000000000000000049 /* Localizable.xcstrings */; };
		B00000000000000000000062 /* KeyboardCommandRegistryTests.swift in Sources */ = {isa = PBXBuildFile; fileRef = C0000000000000000000004A /* KeyboardCommandRegistryTests.swift */; };
		B00000000000000000000066 /* PseudolocalizationTests.swift in Sources */ = {isa = PBXBuildFile; fileRef = C0000000000000000000004E /* PseudolocalizationTests.swift */; };
		B00000000000000000000067 /* UserFacingStringAuditTests.swift in Sources */ = {isa = PBXBuildFile; fileRef = C0000000000000000000004F /* UserFacingStringAuditTests.swift */; };
		B00000000000000000000068 /* LanguageHoverController.swift in Sources */ = {isa = PBXBuildFile; fileRef = C00000000000000000000050 /* LanguageHoverController.swift */; };
		B00000000000000000000069 /* LanguageHoverControllerTests.swift in Sources */ = {isa = PBXBuildFile; fileRef = C00000000000000000000051 /* LanguageHoverControllerTests.swift */; };
		B0000000000000000000006D /* WorkspaceLayoutPersistenceTests.swift in Sources */ = {isa = PBXBuildFile; fileRef = C00000000000000000000055 /* WorkspaceLayoutPersistenceTests.swift */; };
		B0000000000000000000006E /* Assets.xcassets in Resources */ = {isa = PBXBuildFile; fileRef = C00000000000000000000056 /* Assets.xcassets */; };
/* End PBXBuildFile section */

/* Begin PBXContainerItemProxy section */
		F00000000000000000000001 /* PBXContainerItemProxy */ = {
			isa = PBXContainerItemProxy;
			containerPortal = A00000000000000000000001 /* Project object */;
			proxyType = 1;
			remoteGlobalIDString = E00000000000000000000001;
			remoteInfo = Kod;
		};
		F00000000000000000000003 /* PBXContainerItemProxy */ = {
			isa = PBXContainerItemProxy;
			containerPortal = A00000000000000000000001 /* Project object */;
			proxyType = 1;
			remoteGlobalIDString = E00000000000000000000001;
			remoteInfo = Kod;
		};
/* End PBXContainerItemProxy section */

/* Begin PBXFileReference section */
		C00000000000000000000001 /* Kod.app */ = {isa = PBXFileReference; explicitFileType = wrapper.application; includeInIndex = 0; path = Kod.app; sourceTree = BUILT_PRODUCTS_DIR; };
		C00000000000000000000002 /* KodAppTests.xctest */ = {isa = PBXFileReference; explicitFileType = wrapper.cfbundle; includeInIndex = 0; path = KodAppTests.xctest; sourceTree = BUILT_PRODUCTS_DIR; };
		C00000000000000000000003 /* KodAppUITests.xctest */ = {isa = PBXFileReference; explicitFileType = wrapper.cfbundle; includeInIndex = 0; path = KodAppUITests.xctest; sourceTree = BUILT_PRODUCTS_DIR; };
		C00000000000000000000010 /* AppDelegate.swift */ = {isa = PBXFileReference; lastKnownFileType = sourcecode.swift; path = AppDelegate.swift; sourceTree = "<group>"; };
		C00000000000000000000011 /* WelcomeView.swift */ = {isa = PBXFileReference; lastKnownFileType = sourcecode.swift; path = WelcomeView.swift; sourceTree = "<group>"; };
		C00000000000000000000012 /* KodAppTests.swift */ = {isa = PBXFileReference; lastKnownFileType = sourcecode.swift; path = KodAppTests.swift; sourceTree = "<group>"; };
		C00000000000000000000013 /* KodAppUITests.swift */ = {isa = PBXFileReference; lastKnownFileType = sourcecode.swift; path = KodAppUITests.swift; sourceTree = "<group>"; };
		C00000000000000000000014 /* WorkspaceViewController.swift */ = {isa = PBXFileReference; lastKnownFileType = sourcecode.swift; path = WorkspaceViewController.swift; sourceTree = "<group>"; };
		C00000000000000000000015 /* QuickOpenPanelController.swift */ = {isa = PBXFileReference; lastKnownFileType = sourcecode.swift; path = QuickOpenPanelController.swift; sourceTree = "<group>"; };
		C00000000000000000000018 /* CommandPaletteController.swift */ = {isa = PBXFileReference; lastKnownFileType = sourcecode.swift; path = CommandPaletteController.swift; sourceTree = "<group>"; };
		C00000000000000000000019 /* GoToLinePanelController.swift */ = {isa = PBXFileReference; lastKnownFileType = sourcecode.swift; path = GoToLinePanelController.swift; sourceTree = "<group>"; };
		C0000000000000000000001A /* StandaloneDocumentViewController.swift */ = {isa = PBXFileReference; lastKnownFileType = sourcecode.swift; path = StandaloneDocumentViewController.swift; sourceTree = "<group>"; };
		C0000000000000000000001C /* SettingsView.swift */ = {isa = PBXFileReference; lastKnownFileType = sourcecode.swift; path = SettingsView.swift; sourceTree = "<group>"; };
		C0000000000000000000001D /* SettingsWindowController.swift */ = {isa = PBXFileReference; lastKnownFileType = sourcecode.swift; path = SettingsWindowController.swift; sourceTree = "<group>"; };
		C00000000000000000000090 /* LanguageSupportService.swift */ = {isa = PBXFileReference; lastKnownFileType = sourcecode.swift; path = LanguageSupportService.swift; sourceTree = "<group>"; };
		C00000000000000000000091 /* LanguageSupportSettingsView.swift */ = {isa = PBXFileReference; lastKnownFileType = sourcecode.swift; path = LanguageSupportSettingsView.swift; sourceTree = "<group>"; };
		C00000000000000000000092 /* LanguageSupportServiceTests.swift */ = {isa = PBXFileReference; lastKnownFileType = sourcecode.swift; path = LanguageSupportServiceTests.swift; sourceTree = "<group>"; };
		C00000000000000000000020 /* WorkspaceViewControllerLiveUpdateTests.swift */ = {isa = PBXFileReference; lastKnownFileType = sourcecode.swift; path = WorkspaceViewControllerLiveUpdateTests.swift; sourceTree = "<group>"; };
		C00000000000000000000022 /* ProblemsViewController.swift */ = {isa = PBXFileReference; lastKnownFileType = sourcecode.swift; path = ProblemsViewController.swift; sourceTree = "<group>"; };
		C00000000000000000000023 /* SymbolsViewController.swift */ = {isa = PBXFileReference; lastKnownFileType = sourcecode.swift; path = SymbolsViewController.swift; sourceTree = "<group>"; };
		C00000000000000000000024 /* ProblemsViewControllerTests.swift */ = {isa = PBXFileReference; lastKnownFileType = sourcecode.swift; path = ProblemsViewControllerTests.swift; sourceTree = "<group>"; };
		C00000000000000000000025 /* SymbolsViewControllerTests.swift */ = {isa = PBXFileReference; lastKnownFileType = sourcecode.swift; path = SymbolsViewControllerTests.swift; sourceTree = "<group>"; };
		C00000000000000000000026 /* MultiLanguageServicesCoordinator.swift */ = {isa = PBXFileReference; lastKnownFileType = sourcecode.swift; path = MultiLanguageServicesCoordinator.swift; sourceTree = "<group>"; };
		C00000000000000000000027 /* PeekViewController.swift */ = {isa = PBXFileReference; lastKnownFileType = sourcecode.swift; path = PeekViewController.swift; sourceTree = "<group>"; };
		C00000000000000000000028 /* HierarchyViewController.swift */ = {isa = PBXFileReference; lastKnownFileType = sourcecode.swift; path = HierarchyViewController.swift; sourceTree = "<group>"; };
		C00000000000000000000029 /* PeekViewControllerTests.swift */ = {isa = PBXFileReference; lastKnownFileType = sourcecode.swift; path = PeekViewControllerTests.swift; sourceTree = "<group>"; };
		C0000000000000000000002A /* HierarchyViewControllerTests.swift */ = {isa = PBXFileReference; lastKnownFileType = sourcecode.swift; path = HierarchyViewControllerTests.swift; sourceTree = "<group>"; };
		C0000000000000000000002B /* MultiLanguageServicesCoordinatorTests.swift */ = {isa = PBXFileReference; lastKnownFileType = sourcecode.swift; path = MultiLanguageServicesCoordinatorTests.swift; sourceTree = "<group>"; };
		C00000000000000000000030 /* GitWorkspaceCoordinator.swift */ = {isa = PBXFileReference; lastKnownFileType = sourcecode.swift; path = GitWorkspaceCoordinator.swift; sourceTree = "<group>"; };
		C00000000000000000000036 /* GitWorkspaceCoordinatorTests.swift */ = {isa = PBXFileReference; lastKnownFileType = sourcecode.swift; path = GitWorkspaceCoordinatorTests.swift; sourceTree = "<group>"; };
		C00000000000000000000094 /* LanguageProviderFixtures.swift */ = {isa = PBXFileReference; lastKnownFileType = sourcecode.swift; path = LanguageProviderFixtures.swift; sourceTree = "<group>"; };
		C00000000000000000000095 /* LanguageProviderRoutingTests.swift */ = {isa = PBXFileReference; lastKnownFileType = sourcecode.swift; path = LanguageProviderRoutingTests.swift; sourceTree = "<group>"; };
		C00000000000000000000096 /* MultiLanguageServicesCoordinatorShutdownTests.swift */ = {isa = PBXFileReference; lastKnownFileType = sourcecode.swift; path = MultiLanguageServicesCoordinatorShutdownTests.swift; sourceTree = "<group>"; };
		C00000000000000000000097 /* AppEnvironment.swift */ = {isa = PBXFileReference; lastKnownFileType = sourcecode.swift; path = AppEnvironment.swift; sourceTree = "<group>"; };
		C00000000000000000000098 /* AppEnvironmentTests.swift */ = {isa = PBXFileReference; lastKnownFileType = sourcecode.swift; path = AppEnvironmentTests.swift; sourceTree = "<group>"; };
		C00000000000000000000099 /* KodAppTestEnvironment.swift */ = {isa = PBXFileReference; lastKnownFileType = sourcecode.swift; path = KodAppTestEnvironment.swift; sourceTree = "<group>"; };
		C0000000000000000000009A /* WorkspaceSession.swift */ = {isa = PBXFileReference; lastKnownFileType = sourcecode.swift; path = WorkspaceSession.swift; sourceTree = "<group>"; };
		C0000000000000000000009B /* WorkspaceSessionTests.swift */ = {isa = PBXFileReference; lastKnownFileType = sourcecode.swift; path = WorkspaceSessionTests.swift; sourceTree = "<group>"; };
		C0000000000000000000009C /* AppSessionRegistry.swift */ = {isa = PBXFileReference; lastKnownFileType = sourcecode.swift; path = AppSessionRegistry.swift; sourceTree = "<group>"; };
		C0000000000000000000009D /* WorkspaceWindowController.swift */ = {isa = PBXFileReference; lastKnownFileType = sourcecode.swift; path = WorkspaceWindowController.swift; sourceTree = "<group>"; };
		C0000000000000000000009E /* DocumentWindowController.swift */ = {isa = PBXFileReference; lastKnownFileType = sourcecode.swift; path = DocumentWindowController.swift; sourceTree = "<group>"; };
		C0000000000000000000009F /* AppSessionRegistryTests.swift */ = {isa = PBXFileReference; lastKnownFileType = sourcecode.swift; path = AppSessionRegistryTests.swift; sourceTree = "<group>"; };
		C000000000000000000000A0 /* WorkspaceWindowControllerTests.swift */ = {isa = PBXFileReference; lastKnownFileType = sourcecode.swift; path = WorkspaceWindowControllerTests.swift; sourceTree = "<group>"; };
		C000000000000000000000A1 /* DocumentWindowControllerTests.swift */ = {isa = PBXFileReference; lastKnownFileType = sourcecode.swift; path = DocumentWindowControllerTests.swift; sourceTree = "<group>"; };
		C000000000000000000000A2 /* WorkspaceHealthPresenter.swift */ = {isa = PBXFileReference; lastKnownFileType = sourcecode.swift; path = WorkspaceHealthPresenter.swift; sourceTree = "<group>"; };
		C000000000000000000000A3 /* WorkspaceHealthPresenterTests.swift */ = {isa = PBXFileReference; lastKnownFileType = sourcecode.swift; path = WorkspaceHealthPresenterTests.swift; sourceTree = "<group>"; };
		C000000000000000000000A4 /* WorkspaceGeometryController.swift */ = {isa = PBXFileReference; lastKnownFileType = sourcecode.swift; path = WorkspaceGeometryController.swift; sourceTree = "<group>"; };
		C000000000000000000000A5 /* WorkspaceExplorerController.swift */ = {isa = PBXFileReference; lastKnownFileType = sourcecode.swift; path = WorkspaceExplorerController.swift; sourceTree = "<group>"; };
		C000000000000000000000A6 /* WorkspaceTrustPresenter.swift */ = {isa = PBXFileReference; lastKnownFileType = sourcecode.swift; path = WorkspaceTrustPresenter.swift; sourceTree = "<group>"; };
		C000000000000000000000A7 /* LanguageSupportPromptQueue.swift */ = {isa = PBXFileReference; lastKnownFileType = sourcecode.swift; path = LanguageSupportPromptQueue.swift; sourceTree = "<group>"; };
		C000000000000000000000A8 /* GitQuickDiffCoordinator.swift */ = {isa = PBXFileReference; lastKnownFileType = sourcecode.swift; path = GitQuickDiffCoordinator.swift; sourceTree = "<group>"; };
		C000000000000000000000A9 /* WorkspaceGeometryControllerTests.swift */ = {isa = PBXFileReference; lastKnownFileType = sourcecode.swift; path = WorkspaceGeometryControllerTests.swift; sourceTree = "<group>"; };
		C000000000000000000000AA /* WorkspaceExplorerControllerTests.swift */ = {isa = PBXFileReference; lastKnownFileType = sourcecode.swift; path = WorkspaceExplorerControllerTests.swift; sourceTree = "<group>"; };
		C000000000000000000000AB /* WorkspaceTrustPresenterTests.swift */ = {isa = PBXFileReference; lastKnownFileType = sourcecode.swift; path = WorkspaceTrustPresenterTests.swift; sourceTree = "<group>"; };
		C000000000000000000000AC /* LanguageSupportPromptQueueTests.swift */ = {isa = PBXFileReference; lastKnownFileType = sourcecode.swift; path = LanguageSupportPromptQueueTests.swift; sourceTree = "<group>"; };
		C000000000000000000000AD /* GitQuickDiffCoordinatorTests.swift */ = {isa = PBXFileReference; lastKnownFileType = sourcecode.swift; path = GitQuickDiffCoordinatorTests.swift; sourceTree = "<group>"; };
		C000000000000000000000B0 /* WorkspaceCommandCatalog.swift */ = {isa = PBXFileReference; lastKnownFileType = sourcecode.swift; path = WorkspaceCommandCatalog.swift; sourceTree = "<group>"; };
		C000000000000000000000B1 /* WorkspaceActivityBarView.swift */ = {isa = PBXFileReference; lastKnownFileType = sourcecode.swift; path = WorkspaceActivityBarView.swift; sourceTree = "<group>"; };
		C000000000000000000000B2 /* WorkspaceActivityBarViewTests.swift */ = {isa = PBXFileReference; lastKnownFileType = sourcecode.swift; path = WorkspaceActivityBarViewTests.swift; sourceTree = "<group>"; };
		C000000000000000000000B3 /* WorkspaceStatusBarView.swift */ = {isa = PBXFileReference; lastKnownFileType = sourcecode.swift; path = WorkspaceStatusBarView.swift; sourceTree = "<group>"; };
		C000000000000000000000B4 /* WorkspaceStatusBarViewTests.swift */ = {isa = PBXFileReference; lastKnownFileType = sourcecode.swift; path = WorkspaceStatusBarViewTests.swift; sourceTree = "<group>"; };
		C00000000000000000000043 /* DiagnosticsView.swift */ = {isa = PBXFileReference; lastKnownFileType = sourcecode.swift; path = DiagnosticsView.swift; sourceTree = "<group>"; };
		C00000000000000000000044 /* DiagnosticsViewModel.swift */ = {isa = PBXFileReference; lastKnownFileType = sourcecode.swift; path = DiagnosticsViewModel.swift; sourceTree = "<group>"; };
		C00000000000000000000045 /* WorkspaceViewControllerTrustControlTests.swift */ = {isa = PBXFileReference; lastKnownFileType = sourcecode.swift; path = WorkspaceViewControllerTrustControlTests.swift; sourceTree = "<group>"; };
		C00000000000000000000046 /* DiagnosticsViewModelTests.swift */ = {isa = PBXFileReference; lastKnownFileType = sourcecode.swift; path = DiagnosticsViewModelTests.swift; sourceTree = "<group>"; };
		C00000000000000000000047 /* KeyboardCommandRegistry.swift */ = {isa = PBXFileReference; lastKnownFileType = sourcecode.swift; path = KeyboardCommandRegistry.swift; sourceTree = "<group>"; };
		C00000000000000000000048 /* Localized.swift */ = {isa = PBXFileReference; lastKnownFileType = sourcecode.swift; path = Localized.swift; sourceTree = "<group>"; };
		C00000000000000000000049 /* Localizable.xcstrings */ = {isa = PBXFileReference; lastKnownFileType = text.json.xcstrings; path = Localizable.xcstrings; sourceTree = "<group>"; };
		C0000000000000000000004A /* KeyboardCommandRegistryTests.swift */ = {isa = PBXFileReference; lastKnownFileType = sourcecode.swift; path = KeyboardCommandRegistryTests.swift; sourceTree = "<group>"; };
		C0000000000000000000004E /* PseudolocalizationTests.swift */ = {isa = PBXFileReference; lastKnownFileType = sourcecode.swift; path = PseudolocalizationTests.swift; sourceTree = "<group>"; };
		C0000000000000000000004F /* UserFacingStringAuditTests.swift */ = {isa = PBXFileReference; lastKnownFileType = sourcecode.swift; path = UserFacingStringAuditTests.swift; sourceTree = "<group>"; };
		C00000000000000000000050 /* LanguageHoverController.swift */ = {isa = PBXFileReference; lastKnownFileType = sourcecode.swift; path = LanguageHoverController.swift; sourceTree = "<group>"; };
		C00000000000000000000051 /* LanguageHoverControllerTests.swift */ = {isa = PBXFileReference; lastKnownFileType = sourcecode.swift; path = LanguageHoverControllerTests.swift; sourceTree = "<group>"; };
		C00000000000000000000055 /* WorkspaceLayoutPersistenceTests.swift */ = {isa = PBXFileReference; lastKnownFileType = sourcecode.swift; path = WorkspaceLayoutPersistenceTests.swift; sourceTree = "<group>"; };
		C00000000000000000000056 /* Assets.xcassets */ = {isa = PBXFileReference; lastKnownFileType = folder.assetcatalog; path = Assets.xcassets; sourceTree = "<group>"; };
/* End PBXFileReference section */

/* Begin PBXFrameworksBuildPhase section */
		D00000000000000000000002 /* Frameworks */ = {
			isa = PBXFrameworksBuildPhase;
			buildActionMask = 2147483647;
			files = (
				B00000000000000000000003 /* KodCore in Frameworks */,
				B00000000000000000000007 /* SourceModel in Frameworks */,
				B000000000000000000000AE /* SourceIO in Frameworks */,
				B000000000000000000000B6 /* SettingsCore in Frameworks */,
				B000000000000000000000B8 /* KodUIComponents in Frameworks */,
				B000000000000000000000BA /* SearchUI in Frameworks */,
				B000000000000000000000BC /* PreviewUI in Frameworks */,
				B000000000000000000000BE /* GitUI in Frameworks */,
				B000000000000000000000C0 /* EditorUI in Frameworks */,
				B00000000000000000000008 /* CodeViewport in Frameworks */,
				B00000000000000000000011 /* WorkspaceCore in Frameworks */,
				B00000000000000000000020 /* ThemeCore in Frameworks */,
				B00000000000000000000021 /* FontCore in Frameworks */,
				B00000000000000000000022 /* SearchCore in Frameworks */,
				B0000000000000000000002F /* LanguageClient in Frameworks */,
				B00000000000000000000033 /* SyntaxCore in Frameworks */,
				B0000000000000000000003B /* LanguageAdapters in Frameworks */,
				B0000000000000000000004C /* GitCore in Frameworks */,
				B00000000000000000000052 /* PreviewCore in Frameworks */,
				B00000000000000000000059 /* DiagnosticsCore in Frameworks */,
			);
			runOnlyForDeploymentPostprocessing = 0;
		};
		D00000000000000000000005 /* Frameworks */ = {
			isa = PBXFrameworksBuildPhase;
			buildActionMask = 2147483647;
			files = (
				B00000000000000000000005 /* KodCore in Frameworks */,
				B00000000000000000000023 /* SearchCore in Frameworks */,
				B00000000000000000000027 /* SourceModel in Frameworks */,
				B000000000000000000000AF /* SourceIO in Frameworks */,
				B000000000000000000000B7 /* SettingsCore in Frameworks */,
				B000000000000000000000B9 /* KodUIComponents in Frameworks */,
				B000000000000000000000BB /* SearchUI in Frameworks */,
				B000000000000000000000BD /* PreviewUI in Frameworks */,
				B000000000000000000000BF /* GitUI in Frameworks */,
				B000000000000000000000C1 /* EditorUI in Frameworks */,
				B00000000000000000000028 /* WorkspaceCore in Frameworks */,
				B00000000000000000000029 /* CodeViewport in Frameworks */,
				B0000000000000000000002A /* ThemeCore in Frameworks */,
				B0000000000000000000002B /* FontCore in Frameworks */,
				B00000000000000000000030 /* LanguageClient in Frameworks */,
				B00000000000000000000034 /* SyntaxCore in Frameworks */,
				B0000000000000000000003C /* LanguageAdapters in Frameworks */,
				B0000000000000000000004D /* GitCore in Frameworks */,
				B00000000000000000000053 /* PreviewCore in Frameworks */,
				B0000000000000000000005A /* DiagnosticsCore in Frameworks */,
			);
			runOnlyForDeploymentPostprocessing = 0;
		};
		D00000000000000000000008 /* Frameworks */ = {
			isa = PBXFrameworksBuildPhase;
			buildActionMask = 2147483647;
			files = (
			);
			runOnlyForDeploymentPostprocessing = 0;
		};
/* End PBXFrameworksBuildPhase section */

/* Begin PBXGroup section */
		A00000000000000000000002 = {
			isa = PBXGroup;
			children = (
				A00000000000000000000004 /* App */,
				A00000000000000000000003 /* Products */,
			);
			sourceTree = "<group>";
		};
		A00000000000000000000003 /* Products */ = {
			isa = PBXGroup;
			children = (
				C00000000000000000000001 /* Kod.app */,
				C00000000000000000000002 /* KodAppTests.xctest */,
				C00000000000000000000003 /* KodAppUITests.xctest */,
			);
			name = Products;
			sourceTree = "<group>";
		};
		A00000000000000000000004 /* App */ = {
			isa = PBXGroup;
			children = (
				A00000000000000000000007 /* KodApp */,
				A00000000000000000000008 /* KodAppTests */,
				A00000000000000000000009 /* KodAppUITests */,
			);
			path = App;
			sourceTree = "<group>";
		};
		A00000000000000000000007 /* KodApp */ = {
			isa = PBXGroup;
			children = (
				C00000000000000000000010 /* AppDelegate.swift */,
				C00000000000000000000097 /* AppEnvironment.swift */,
				C0000000000000000000009A /* WorkspaceSession.swift */,
				C0000000000000000000009C /* AppSessionRegistry.swift */,
				C0000000000000000000009D /* WorkspaceWindowController.swift */,
				C0000000000000000000009E /* DocumentWindowController.swift */,
				C000000000000000000000A2 /* WorkspaceHealthPresenter.swift */,
				C000000000000000000000A4 /* WorkspaceGeometryController.swift */,
				C000000000000000000000A5 /* WorkspaceExplorerController.swift */,
				C000000000000000000000A6 /* WorkspaceTrustPresenter.swift */,
				C000000000000000000000A7 /* LanguageSupportPromptQueue.swift */,
				C000000000000000000000A8 /* GitQuickDiffCoordinator.swift */,
				C000000000000000000000B0 /* WorkspaceCommandCatalog.swift */,
				C000000000000000000000B1 /* WorkspaceActivityBarView.swift */,
				C000000000000000000000B3 /* WorkspaceStatusBarView.swift */,
				C00000000000000000000011 /* WelcomeView.swift */,
				C00000000000000000000014 /* WorkspaceViewController.swift */,
				C00000000000000000000015 /* QuickOpenPanelController.swift */,
				C00000000000000000000018 /* CommandPaletteController.swift */,
				C00000000000000000000019 /* GoToLinePanelController.swift */,
				C0000000000000000000001A /* StandaloneDocumentViewController.swift */,
				C0000000000000000000001C /* SettingsView.swift */,
				C0000000000000000000001D /* SettingsWindowController.swift */,
				C00000000000000000000090 /* LanguageSupportService.swift */,
				C00000000000000000000091 /* LanguageSupportSettingsView.swift */,
				C00000000000000000000022 /* ProblemsViewController.swift */,
				C00000000000000000000023 /* SymbolsViewController.swift */,
				C00000000000000000000026 /* MultiLanguageServicesCoordinator.swift */,
				C00000000000000000000027 /* PeekViewController.swift */,
				C00000000000000000000028 /* HierarchyViewController.swift */,
				C00000000000000000000030 /* GitWorkspaceCoordinator.swift */,
				C00000000000000000000043 /* DiagnosticsView.swift */,
				C00000000000000000000044 /* DiagnosticsViewModel.swift */,
				C00000000000000000000047 /* KeyboardCommandRegistry.swift */,
				C00000000000000000000048 /* Localized.swift */,
				C00000000000000000000049 /* Localizable.xcstrings */,
				C00000000000000000000056 /* Assets.xcassets */,
				C00000000000000000000050 /* LanguageHoverController.swift */,
			);
			path = KodApp;
			sourceTree = "<group>";
		};
		A00000000000000000000008 /* KodAppTests */ = {
			isa = PBXGroup;
			children = (
				C00000000000000000000098 /* AppEnvironmentTests.swift */,
				C00000000000000000000099 /* KodAppTestEnvironment.swift */,
				C0000000000000000000009B /* WorkspaceSessionTests.swift */,
				C0000000000000000000009F /* AppSessionRegistryTests.swift */,
				C000000000000000000000A0 /* WorkspaceWindowControllerTests.swift */,
				C000000000000000000000A1 /* DocumentWindowControllerTests.swift */,
				C000000000000000000000A3 /* WorkspaceHealthPresenterTests.swift */,
				C000000000000000000000A9 /* WorkspaceGeometryControllerTests.swift */,
				C000000000000000000000AA /* WorkspaceExplorerControllerTests.swift */,
				C000000000000000000000AB /* WorkspaceTrustPresenterTests.swift */,
				C000000000000000000000AC /* LanguageSupportPromptQueueTests.swift */,
				C000000000000000000000AD /* GitQuickDiffCoordinatorTests.swift */,
				C00000000000000000000012 /* KodAppTests.swift */,
				C00000000000000000000020 /* WorkspaceViewControllerLiveUpdateTests.swift */,
				C00000000000000000000024 /* ProblemsViewControllerTests.swift */,
				C00000000000000000000025 /* SymbolsViewControllerTests.swift */,
				C00000000000000000000029 /* PeekViewControllerTests.swift */,
				C0000000000000000000002A /* HierarchyViewControllerTests.swift */,
				C0000000000000000000002B /* MultiLanguageServicesCoordinatorTests.swift */,
				C00000000000000000000036 /* GitWorkspaceCoordinatorTests.swift */,
				C00000000000000000000045 /* WorkspaceViewControllerTrustControlTests.swift */,
				C00000000000000000000046 /* DiagnosticsViewModelTests.swift */,
				C0000000000000000000004A /* KeyboardCommandRegistryTests.swift */,
				C0000000000000000000004E /* PseudolocalizationTests.swift */,
				C0000000000000000000004F /* UserFacingStringAuditTests.swift */,
				C00000000000000000000051 /* LanguageHoverControllerTests.swift */,
				C00000000000000000000092 /* LanguageSupportServiceTests.swift */,
				C00000000000000000000094 /* LanguageProviderFixtures.swift */,
				C00000000000000000000095 /* LanguageProviderRoutingTests.swift */,
				C00000000000000000000096 /* MultiLanguageServicesCoordinatorShutdownTests.swift */,
				C00000000000000000000055 /* WorkspaceLayoutPersistenceTests.swift */,
				C000000000000000000000B2 /* WorkspaceActivityBarViewTests.swift */,
				C000000000000000000000B4 /* WorkspaceStatusBarViewTests.swift */,
			);
			path = KodAppTests;
			sourceTree = "<group>";
		};
		A00000000000000000000009 /* KodAppUITests */ = {
			isa = PBXGroup;
			children = (
				C00000000000000000000013 /* KodAppUITests.swift */,
			);
			path = KodAppUITests;
			sourceTree = "<group>";
		};
/* End PBXGroup section */

/* Begin PBXNativeTarget section */
		E00000000000000000000001 /* Kod */ = {
			isa = PBXNativeTarget;
			buildConfigurationList = H00000000000000000000002 /* Build configuration list for PBXNativeTarget "Kod" */;
			buildPhases = (
				D00000000000000000000001 /* Sources */,
				D00000000000000000000002 /* Frameworks */,
				D00000000000000000000003 /* Resources */,
				D0000000000000000000000A /* Build Complete AppIcon.icns */,
			);
			buildRules = (
			);
			dependencies = (
			);
			name = Kod;
			packageProductDependencies = (
				I00000000000000000000002 /* KodCore */,
				I00000000000000000000004 /* SourceModel */,
				I0000000000000000000001E /* SourceIO */,
				I00000000000000000000020 /* SettingsCore */,
				I00000000000000000000023 /* KodUIComponents */,
				I00000000000000000000025 /* SearchUI */,
				I00000000000000000000027 /* PreviewUI */,
				I00000000000000000000029 /* GitUI */,
				I0000000000000000000002B /* EditorUI */,
				I00000000000000000000005 /* CodeViewport */,
				I00000000000000000000006 /* WorkspaceCore */,
				I00000000000000000000007 /* ThemeCore */,
				I00000000000000000000008 /* FontCore */,
				I00000000000000000000009 /* SearchCore */,
				I00000000000000000000010 /* LanguageClient */,
				I00000000000000000000012 /* SyntaxCore */,
				I00000000000000000000014 /* LanguageAdapters */,
				I00000000000000000000018 /* GitCore */,
				I0000000000000000000001A /* PreviewCore */,
				I0000000000000000000001C /* DiagnosticsCore */,
			);
			productName = Kod;
			productReference = C00000000000000000000001 /* Kod.app */;
			productType = "com.apple.product-type.application";
		};
		E00000000000000000000002 /* KodAppTests */ = {
			isa = PBXNativeTarget;
			buildConfigurationList = H00000000000000000000003 /* Build configuration list for PBXNativeTarget "KodAppTests" */;
			buildPhases = (
				D00000000000000000000004 /* Sources */,
				D00000000000000000000005 /* Frameworks */,
				D00000000000000000000006 /* Resources */,
			);
			buildRules = (
			);
			dependencies = (
				F00000000000000000000004 /* PBXTargetDependency */,
			);
			name = KodAppTests;
			packageProductDependencies = (
				I00000000000000000000003 /* KodCore */,
				I0000000000000000000000A /* SearchCore */,
				I0000000000000000000000B /* SourceModel */,
				I0000000000000000000001F /* SourceIO */,
				I00000000000000000000021 /* SettingsCore */,
				I00000000000000000000024 /* KodUIComponents */,
				I00000000000000000000026 /* SearchUI */,
				I00000000000000000000028 /* PreviewUI */,
				I0000000000000000000002A /* GitUI */,
				I0000000000000000000002C /* EditorUI */,
				I0000000000000000000000C /* WorkspaceCore */,
				I0000000000000000000000D /* CodeViewport */,
				I0000000000000000000000E /* ThemeCore */,
				I0000000000000000000000F /* FontCore */,
				I00000000000000000000011 /* LanguageClient */,
				I00000000000000000000013 /* SyntaxCore */,
				I00000000000000000000015 /* LanguageAdapters */,
				I00000000000000000000019 /* GitCore */,
				I0000000000000000000001B /* PreviewCore */,
				I0000000000000000000001D /* DiagnosticsCore */,
			);
			productName = KodAppTests;
			productReference = C00000000000000000000002 /* KodAppTests.xctest */;
			productType = "com.apple.product-type.bundle.unit-test";
		};
		E00000000000000000000003 /* KodAppUITests */ = {
			isa = PBXNativeTarget;
			buildConfigurationList = H00000000000000000000004 /* Build configuration list for PBXNativeTarget "KodAppUITests" */;
			buildPhases = (
				D00000000000000000000007 /* Sources */,
				D00000000000000000000008 /* Frameworks */,
				D00000000000000000000009 /* Resources */,
			);
			buildRules = (
			);
			dependencies = (
				F00000000000000000000002 /* PBXTargetDependency */,
			);
			name = KodAppUITests;
			productName = KodAppUITests;
			productReference = C00000000000000000000003 /* KodAppUITests.xctest */;
			productType = "com.apple.product-type.bundle.ui-testing";
		};
/* End PBXNativeTarget section */

/* Begin PBXProject section */
		A00000000000000000000001 /* Project object */ = {
			isa = PBXProject;
			attributes = {
				BuildIndependentTargetsInParallel = 1;
				LastSwiftUpdateCheck = 2650;
				LastUpgradeCheck = 2650;
				TargetAttributes = {
					E00000000000000000000001 = {
						CreatedOnToolsVersion = 26.5;
					};
					E00000000000000000000002 = {
						CreatedOnToolsVersion = 26.5;
						TestTargetID = E00000000000000000000001;
					};
					E00000000000000000000003 = {
						CreatedOnToolsVersion = 26.5;
						TestTargetID = E00000000000000000000001;
					};
				};
			};
			buildConfigurationList = H00000000000000000000001 /* Build configuration list for PBXProject "Kod" */;
			compatibilityVersion = "Xcode 15.0";
			developmentRegion = en;
			hasScannedForEncodings = 0;
			knownRegions = (
				en,
				Base,
			);
			mainGroup = A00000000000000000000002;
			packageReferences = (
				I00000000000000000000001 /* XCLocalSwiftPackageReference "KodCore" */,
				I00000000000000000000022 /* XCLocalSwiftPackageReference "KodUI" */,
			);
			productRefGroup = A00000000000000000000003 /* Products */;
			projectDirPath = "";
			projectRoot = "";
			targets = (
				E00000000000000000000001 /* Kod */,
				E00000000000000000000002 /* KodAppTests */,
				E00000000000000000000003 /* KodAppUITests */,
			);
		};
/* End PBXProject section */

/* Begin PBXResourcesBuildPhase section */
		D00000000000000000000003 /* Resources */ = {
			isa = PBXResourcesBuildPhase;
			buildActionMask = 2147483647;
			files = (
				B00000000000000000000061 /* Localizable.xcstrings in Resources */,
				B0000000000000000000006E /* Assets.xcassets in Resources */,
			);
			runOnlyForDeploymentPostprocessing = 0;
		};
		D00000000000000000000006 /* Resources */ = {
			isa = PBXResourcesBuildPhase;
			buildActionMask = 2147483647;
			files = (
			);
			runOnlyForDeploymentPostprocessing = 0;
		};
		D00000000000000000000009 /* Resources */ = {
			isa = PBXResourcesBuildPhase;
			buildActionMask = 2147483647;
			files = (
			);
			runOnlyForDeploymentPostprocessing = 0;
		};
/* End PBXResourcesBuildPhase section */

/* Begin PBXShellScriptBuildPhase section */
		D0000000000000000000000A /* Build Complete AppIcon.icns */ = {
			isa = PBXShellScriptBuildPhase;
			alwaysOutOfDate = 1;
			buildActionMask = 2147483647;
			files = (
			);
			inputFileListPaths = (
			);
			inputPaths = (
				"$(SRCROOT)/App/KodApp/Assets.xcassets/AppIcon.appiconset/AppIcon-16.png",
				"$(SRCROOT)/App/KodApp/Assets.xcassets/AppIcon.appiconset/AppIcon-16@2x.png",
				"$(SRCROOT)/App/KodApp/Assets.xcassets/AppIcon.appiconset/AppIcon-32.png",
				"$(SRCROOT)/App/KodApp/Assets.xcassets/AppIcon.appiconset/AppIcon-32@2x.png",
				"$(SRCROOT)/App/KodApp/Assets.xcassets/AppIcon.appiconset/AppIcon-128.png",
				"$(SRCROOT)/App/KodApp/Assets.xcassets/AppIcon.appiconset/AppIcon-128@2x.png",
				"$(SRCROOT)/App/KodApp/Assets.xcassets/AppIcon.appiconset/AppIcon-256.png",
				"$(SRCROOT)/App/KodApp/Assets.xcassets/AppIcon.appiconset/AppIcon-256@2x.png",
				"$(SRCROOT)/App/KodApp/Assets.xcassets/AppIcon.appiconset/AppIcon-512.png",
				"$(SRCROOT)/App/KodApp/Assets.xcassets/AppIcon.appiconset/AppIcon-512@2x.png",
			);
			name = "Build Complete AppIcon.icns";
			outputFileListPaths = (
			);
			outputPaths = (
				"$(TARGET_BUILD_DIR)/$(UNLOCALIZED_RESOURCES_FOLDER_PATH)/AppIcon.icns",
			);
			runOnlyForDeploymentPostprocessing = 0;
			shellPath = /bin/sh;
			shellScript = "set -euo pipefail\n\nsource_dir=\"${SRCROOT}/App/KodApp/Assets.xcassets/AppIcon.appiconset\"\niconset_dir=\"${TEMP_DIR}/KodAppIcon.iconset\"\nicon_file=\"${TARGET_BUILD_DIR}/${UNLOCALIZED_RESOURCES_FOLDER_PATH}/AppIcon.icns\"\n\nrm -rf \"${iconset_dir}\"\nmkdir -p \"${iconset_dir}\"\n\ncp \"${source_dir}/AppIcon-16.png\" \"${iconset_dir}/icon_16x16.png\"\ncp \"${source_dir}/AppIcon-16@2x.png\" \"${iconset_dir}/icon_16x16@2x.png\"\ncp \"${source_dir}/AppIcon-32.png\" \"${iconset_dir}/icon_32x32.png\"\ncp \"${source_dir}/AppIcon-32@2x.png\" \"${iconset_dir}/icon_32x32@2x.png\"\ncp \"${source_dir}/AppIcon-128.png\" \"${iconset_dir}/icon_128x128.png\"\ncp \"${source_dir}/AppIcon-128@2x.png\" \"${iconset_dir}/icon_128x128@2x.png\"\ncp \"${source_dir}/AppIcon-256.png\" \"${iconset_dir}/icon_256x256.png\"\ncp \"${source_dir}/AppIcon-256@2x.png\" \"${iconset_dir}/icon_256x256@2x.png\"\ncp \"${source_dir}/AppIcon-512.png\" \"${iconset_dir}/icon_512x512.png\"\ncp \"${source_dir}/AppIcon-512@2x.png\" \"${iconset_dir}/icon_512x512@2x.png\"\n\niconutil -c icns -o \"${icon_file}\" \"${iconset_dir}\"\n";
		};
/* End PBXShellScriptBuildPhase section */

/* Begin PBXSourcesBuildPhase section */
		D00000000000000000000001 /* Sources */ = {
			isa = PBXSourcesBuildPhase;
			buildActionMask = 2147483647;
			files = (
				B00000000000000000000001 /* AppDelegate.swift in Sources */,
				B00000000000000000000097 /* AppEnvironment.swift in Sources */,
				B0000000000000000000009A /* WorkspaceSession.swift in Sources */,
				B0000000000000000000009C /* AppSessionRegistry.swift in Sources */,
				B0000000000000000000009D /* WorkspaceWindowController.swift in Sources */,
				B0000000000000000000009E /* DocumentWindowController.swift in Sources */,
				B000000000000000000000A2 /* WorkspaceHealthPresenter.swift in Sources */,
				B000000000000000000000A4 /* WorkspaceGeometryController.swift in Sources */,
				B000000000000000000000A5 /* WorkspaceExplorerController.swift in Sources */,
				B000000000000000000000A6 /* WorkspaceTrustPresenter.swift in Sources */,
				B000000000000000000000A7 /* LanguageSupportPromptQueue.swift in Sources */,
				B000000000000000000000A8 /* GitQuickDiffCoordinator.swift in Sources */,
				B000000000000000000000B0 /* WorkspaceCommandCatalog.swift in Sources */,
				B000000000000000000000B1 /* WorkspaceActivityBarView.swift in Sources */,
				B000000000000000000000B3 /* WorkspaceStatusBarView.swift in Sources */,
				B00000000000000000000002 /* WelcomeView.swift in Sources */,
				B00000000000000000000009 /* WorkspaceViewController.swift in Sources */,
				B00000000000000000000010 /* QuickOpenPanelController.swift in Sources */,
				B00000000000000000000014 /* CommandPaletteController.swift in Sources */,
				B00000000000000000000015 /* GoToLinePanelController.swift in Sources */,
				B00000000000000000000016 /* StandaloneDocumentViewController.swift in Sources */,
				B00000000000000000000018 /* SettingsView.swift in Sources */,
				B00000000000000000000019 /* SettingsWindowController.swift in Sources */,
				B00000000000000000000090 /* LanguageSupportService.swift in Sources */,
				B00000000000000000000091 /* LanguageSupportSettingsView.swift in Sources */,
				B0000000000000000000002D /* ProblemsViewController.swift in Sources */,
				B0000000000000000000002E /* SymbolsViewController.swift in Sources */,
				B00000000000000000000035 /* MultiLanguageServicesCoordinator.swift in Sources */,
				B00000000000000000000036 /* PeekViewController.swift in Sources */,
				B00000000000000000000037 /* HierarchyViewController.swift in Sources */,
				B00000000000000000000042 /* GitWorkspaceCoordinator.swift in Sources */,
				B0000000000000000000005B /* DiagnosticsView.swift in Sources */,
				B0000000000000000000005C /* DiagnosticsViewModel.swift in Sources */,
				B0000000000000000000005F /* KeyboardCommandRegistry.swift in Sources */,
				B00000000000000000000060 /* Localized.swift in Sources */,
				B00000000000000000000068 /* LanguageHoverController.swift in Sources */,
			);
			runOnlyForDeploymentPostprocessing = 0;
		};
		D00000000000000000000004 /* Sources */ = {
			isa = PBXSourcesBuildPhase;
			buildActionMask = 2147483647;
			files = (
				B00000000000000000000098 /* AppEnvironmentTests.swift in Sources */,
				B00000000000000000000099 /* KodAppTestEnvironment.swift in Sources */,
				B0000000000000000000009B /* WorkspaceSessionTests.swift in Sources */,
				B0000000000000000000009F /* AppSessionRegistryTests.swift in Sources */,
				B000000000000000000000A0 /* WorkspaceWindowControllerTests.swift in Sources */,
				B000000000000000000000A1 /* DocumentWindowControllerTests.swift in Sources */,
				B000000000000000000000A3 /* WorkspaceHealthPresenterTests.swift in Sources */,
				B000000000000000000000A9 /* WorkspaceGeometryControllerTests.swift in Sources */,
				B000000000000000000000AA /* WorkspaceExplorerControllerTests.swift in Sources */,
				B000000000000000000000AB /* WorkspaceTrustPresenterTests.swift in Sources */,
				B000000000000000000000AC /* LanguageSupportPromptQueueTests.swift in Sources */,
				B000000000000000000000AD /* GitQuickDiffCoordinatorTests.swift in Sources */,
				B00000000000000000000004 /* KodAppTests.swift in Sources */,
				B00000000000000000000026 /* WorkspaceViewControllerLiveUpdateTests.swift in Sources */,
				B00000000000000000000031 /* ProblemsViewControllerTests.swift in Sources */,
				B00000000000000000000032 /* SymbolsViewControllerTests.swift in Sources */,
				B00000000000000000000038 /* PeekViewControllerTests.swift in Sources */,
				B00000000000000000000039 /* HierarchyViewControllerTests.swift in Sources */,
				B0000000000000000000003A /* MultiLanguageServicesCoordinatorTests.swift in Sources */,
				B00000000000000000000048 /* GitWorkspaceCoordinatorTests.swift in Sources */,
				B0000000000000000000005D /* WorkspaceViewControllerTrustControlTests.swift in Sources */,
				B0000000000000000000005E /* DiagnosticsViewModelTests.swift in Sources */,
				B00000000000000000000062 /* KeyboardCommandRegistryTests.swift in Sources */,
				B00000000000000000000066 /* PseudolocalizationTests.swift in Sources */,
				B00000000000000000000067 /* UserFacingStringAuditTests.swift in Sources */,
				B00000000000000000000069 /* LanguageHoverControllerTests.swift in Sources */,
				B00000000000000000000092 /* LanguageSupportServiceTests.swift in Sources */,
				B00000000000000000000094 /* LanguageProviderFixtures.swift in Sources */,
				B00000000000000000000095 /* LanguageProviderRoutingTests.swift in Sources */,
				B00000000000000000000096 /* MultiLanguageServicesCoordinatorShutdownTests.swift in Sources */,
				B0000000000000000000006D /* WorkspaceLayoutPersistenceTests.swift in Sources */,
				B000000000000000000000B2 /* WorkspaceActivityBarViewTests.swift in Sources */,
				B000000000000000000000B4 /* WorkspaceStatusBarViewTests.swift in Sources */,
			);
			runOnlyForDeploymentPostprocessing = 0;
		};
		D00000000000000000000007 /* Sources */ = {
			isa = PBXSourcesBuildPhase;
			buildActionMask = 2147483647;
			files = (
				B00000000000000000000006 /* KodAppUITests.swift in Sources */,
			);
			runOnlyForDeploymentPostprocessing = 0;
		};
/* End PBXSourcesBuildPhase section */

/* Begin PBXTargetDependency section */
		F00000000000000000000002 /* PBXTargetDependency */ = {
			isa = PBXTargetDependency;
			target = E00000000000000000000001 /* Kod */;
			targetProxy = F00000000000000000000001 /* PBXContainerItemProxy */;
		};
		F00000000000000000000004 /* PBXTargetDependency */ = {
			isa = PBXTargetDependency;
			target = E00000000000000000000001 /* Kod */;
			targetProxy = F00000000000000000000003 /* PBXContainerItemProxy */;
		};
/* End PBXTargetDependency section */

/* Begin XCBuildConfiguration section */
		G00000000000000000000001 /* Debug */ = {
			isa = XCBuildConfiguration;
			buildSettings = {
				ALWAYS_SEARCH_USER_PATHS = NO;
				CLANG_ENABLE_MODULES = YES;
				CLANG_ENABLE_OBJC_ARC = YES;
				COPY_PHASE_STRIP = NO;
				DEBUG_INFORMATION_FORMAT = dwarf;
				ENABLE_TESTABILITY = YES;
				GCC_C_LANGUAGE_STANDARD = gnu17;
				GCC_NO_COMMON_BLOCKS = YES;
				GCC_OPTIMIZATION_LEVEL = 0;
				MACOSX_DEPLOYMENT_TARGET = 14.0;
				ONLY_ACTIVE_ARCH = YES;
				SDKROOT = macosx;
				SWIFT_ACTIVE_COMPILATION_CONDITIONS = "DEBUG $(inherited)";
				SWIFT_OPTIMIZATION_LEVEL = "-Onone";
				SWIFT_VERSION = 6.0;
			};
			name = Debug;
		};
		G00000000000000000000002 /* Release */ = {
			isa = XCBuildConfiguration;
			buildSettings = {
				ALWAYS_SEARCH_USER_PATHS = NO;
				CLANG_ENABLE_MODULES = YES;
				CLANG_ENABLE_OBJC_ARC = YES;
				DEBUG_INFORMATION_FORMAT = "dwarf-with-dsym";
				ENABLE_NS_ASSERTIONS = NO;
				GCC_C_LANGUAGE_STANDARD = gnu17;
				GCC_NO_COMMON_BLOCKS = YES;
				MACOSX_DEPLOYMENT_TARGET = 14.0;
				SDKROOT = macosx;
				SWIFT_COMPILATION_MODE = wholemodule;
				SWIFT_OPTIMIZATION_LEVEL = "-O";
				SWIFT_VERSION = 6.0;
				VALIDATE_PRODUCT = YES;
			};
			name = Release;
		};
		G00000000000000000000003 /* Debug */ = {
			isa = XCBuildConfiguration;
			buildSettings = {
				ASSETCATALOG_COMPILER_APPICON_NAME = AppIcon;
				CODE_SIGN_STYLE = Automatic;
				COMBINE_HIDPI_IMAGES = YES;
				CURRENT_PROJECT_VERSION = 1;
				ENABLE_HARDENED_RUNTIME = YES;
				ENABLE_USER_SCRIPT_SANDBOXING = YES;
				GENERATE_INFOPLIST_FILE = YES;
				INFOPLIST_KEY_CFBundleDisplayName = Kod;
				INFOPLIST_KEY_LSApplicationCategoryType = "public.app-category.developer-tools";
				INFOPLIST_KEY_NSHighResolutionCapable = YES;
				INFOPLIST_KEY_NSPrincipalClass = NSApplication;
				LD_RUNPATH_SEARCH_PATHS = (
					"$(inherited)",
					"@executable_path/../Frameworks",
				);
				MARKETING_VERSION = 0.1.0;
				PRODUCT_BUNDLE_IDENTIFIER = com.kodapp.Kod;
				PRODUCT_NAME = "$(TARGET_NAME)";
				SWIFT_EMIT_LOC_STRINGS = YES;
				SWIFT_STRICT_CONCURRENCY = complete;
				SWIFT_TREAT_WARNINGS_AS_ERRORS = YES;
				SWIFT_VERSION = 6.0;
			};
			name = Debug;
		};
		G00000000000000000000004 /* Release */ = {
			isa = XCBuildConfiguration;
			buildSettings = {
				ASSETCATALOG_COMPILER_APPICON_NAME = AppIcon;
				CODE_SIGN_STYLE = Automatic;
				COMBINE_HIDPI_IMAGES = YES;
				CURRENT_PROJECT_VERSION = 1;
				ENABLE_HARDENED_RUNTIME = YES;
				ENABLE_USER_SCRIPT_SANDBOXING = YES;
				GENERATE_INFOPLIST_FILE = YES;
				INFOPLIST_KEY_CFBundleDisplayName = Kod;
				INFOPLIST_KEY_LSApplicationCategoryType = "public.app-category.developer-tools";
				INFOPLIST_KEY_NSHighResolutionCapable = YES;
				INFOPLIST_KEY_NSPrincipalClass = NSApplication;
				LD_RUNPATH_SEARCH_PATHS = (
					"$(inherited)",
					"@executable_path/../Frameworks",
				);
				MARKETING_VERSION = 0.1.0;
				PRODUCT_BUNDLE_IDENTIFIER = com.kodapp.Kod;
				PRODUCT_NAME = "$(TARGET_NAME)";
				SWIFT_EMIT_LOC_STRINGS = YES;
				SWIFT_STRICT_CONCURRENCY = complete;
				SWIFT_TREAT_WARNINGS_AS_ERRORS = YES;
				SWIFT_VERSION = 6.0;
			};
			name = Release;
		};
		G00000000000000000000005 /* Debug */ = {
			isa = XCBuildConfiguration;
			buildSettings = {
				BUNDLE_LOADER = "$(TEST_HOST)";
				CODE_SIGN_STYLE = Automatic;
				GENERATE_INFOPLIST_FILE = YES;
				MACOSX_DEPLOYMENT_TARGET = 14.0;
				PRODUCT_BUNDLE_IDENTIFIER = com.kodapp.KodAppTests;
				PRODUCT_NAME = "$(TARGET_NAME)";
				SWIFT_STRICT_CONCURRENCY = complete;
				SWIFT_TREAT_WARNINGS_AS_ERRORS = YES;
				SWIFT_VERSION = 6.0;
				TEST_HOST = "$(BUILT_PRODUCTS_DIR)/Kod.app/Contents/MacOS/Kod";
			};
			name = Debug;
		};
		G00000000000000000000006 /* Release */ = {
			isa = XCBuildConfiguration;
			buildSettings = {
				BUNDLE_LOADER = "$(TEST_HOST)";
				CODE_SIGN_STYLE = Automatic;
				GENERATE_INFOPLIST_FILE = YES;
				MACOSX_DEPLOYMENT_TARGET = 14.0;
				PRODUCT_BUNDLE_IDENTIFIER = com.kodapp.KodAppTests;
				PRODUCT_NAME = "$(TARGET_NAME)";
				SWIFT_STRICT_CONCURRENCY = complete;
				SWIFT_TREAT_WARNINGS_AS_ERRORS = YES;
				SWIFT_VERSION = 6.0;
				TEST_HOST = "$(BUILT_PRODUCTS_DIR)/Kod.app/Contents/MacOS/Kod";
			};
			name = Release;
		};
		G00000000000000000000007 /* Debug */ = {
			isa = XCBuildConfiguration;
			buildSettings = {
				CODE_SIGN_STYLE = Automatic;
				GENERATE_INFOPLIST_FILE = YES;
				MACOSX_DEPLOYMENT_TARGET = 14.0;
				PRODUCT_BUNDLE_IDENTIFIER = com.kodapp.KodAppUITests;
				PRODUCT_NAME = "$(TARGET_NAME)";
				SWIFT_STRICT_CONCURRENCY = complete;
				SWIFT_TREAT_WARNINGS_AS_ERRORS = YES;
				SWIFT_VERSION = 6.0;
				TEST_TARGET_NAME = Kod;
			};
			name = Debug;
		};
		G00000000000000000000008 /* Release */ = {
			isa = XCBuildConfiguration;
			buildSettings = {
				CODE_SIGN_STYLE = Automatic;
				GENERATE_INFOPLIST_FILE = YES;
				MACOSX_DEPLOYMENT_TARGET = 14.0;
				PRODUCT_BUNDLE_IDENTIFIER = com.kodapp.KodAppUITests;
				PRODUCT_NAME = "$(TARGET_NAME)";
				SWIFT_STRICT_CONCURRENCY = complete;
				SWIFT_TREAT_WARNINGS_AS_ERRORS = YES;
				SWIFT_VERSION = 6.0;
				TEST_TARGET_NAME = Kod;
			};
			name = Release;
		};
/* End XCBuildConfiguration section */

/* Begin XCConfigurationList section */
		H00000000000000000000001 /* Build configuration list for PBXProject "Kod" */ = {
			isa = XCConfigurationList;
			buildConfigurations = (
				G00000000000000000000001 /* Debug */,
				G00000000000000000000002 /* Release */,
			);
			defaultConfigurationIsVisible = 0;
			defaultConfigurationName = Release;
		};
		H00000000000000000000002 /* Build configuration list for PBXNativeTarget "Kod" */ = {
			isa = XCConfigurationList;
			buildConfigurations = (
				G00000000000000000000003 /* Debug */,
				G00000000000000000000004 /* Release */,
			);
			defaultConfigurationIsVisible = 0;
			defaultConfigurationName = Release;
		};
		H00000000000000000000003 /* Build configuration list for PBXNativeTarget "KodAppTests" */ = {
			isa = XCConfigurationList;
			buildConfigurations = (
				G00000000000000000000005 /* Debug */,
				G00000000000000000000006 /* Release */,
			);
			defaultConfigurationIsVisible = 0;
			defaultConfigurationName = Release;
		};
		H00000000000000000000004 /* Build configuration list for PBXNativeTarget "KodAppUITests" */ = {
			isa = XCConfigurationList;
			buildConfigurations = (
				G00000000000000000000007 /* Debug */,
				G00000000000000000000008 /* Release */,
			);
			defaultConfigurationIsVisible = 0;
			defaultConfigurationName = Release;
		};
/* End XCConfigurationList section */

/* Begin XCLocalSwiftPackageReference section */
		I00000000000000000000001 /* XCLocalSwiftPackageReference "KodCore" */ = {
			isa = XCLocalSwiftPackageReference;
			relativePath = Packages/KodCore;
		};
		I00000000000000000000022 /* XCLocalSwiftPackageReference "KodUI" */ = {
			isa = XCLocalSwiftPackageReference;
			relativePath = Packages/KodUI;
		};
/* End XCLocalSwiftPackageReference section */

/* Begin XCSwiftPackageProductDependency section */
		I00000000000000000000002 /* KodCore */ = {
			isa = XCSwiftPackageProductDependency;
			package = I00000000000000000000001 /* XCLocalSwiftPackageReference "KodCore" */;
			productName = KodCore;
		};
		I00000000000000000000003 /* KodCore */ = {
			isa = XCSwiftPackageProductDependency;
			package = I00000000000000000000001 /* XCLocalSwiftPackageReference "KodCore" */;
			productName = KodCore;
		};
		I00000000000000000000004 /* SourceModel */ = {
			isa = XCSwiftPackageProductDependency;
			package = I00000000000000000000001 /* XCLocalSwiftPackageReference "KodCore" */;
			productName = SourceModel;
		};
		I00000000000000000000005 /* CodeViewport */ = {
			isa = XCSwiftPackageProductDependency;
			package = I00000000000000000000001 /* XCLocalSwiftPackageReference "KodCore" */;
			productName = CodeViewport;
		};
		I00000000000000000000006 /* WorkspaceCore */ = {
			isa = XCSwiftPackageProductDependency;
			package = I00000000000000000000001 /* XCLocalSwiftPackageReference "KodCore" */;
			productName = WorkspaceCore;
		};
		I00000000000000000000007 /* ThemeCore */ = {
			isa = XCSwiftPackageProductDependency;
			package = I00000000000000000000001 /* XCLocalSwiftPackageReference "KodCore" */;
			productName = ThemeCore;
		};
		I00000000000000000000008 /* FontCore */ = {
			isa = XCSwiftPackageProductDependency;
			package = I00000000000000000000001 /* XCLocalSwiftPackageReference "KodCore" */;
			productName = FontCore;
		};
		I00000000000000000000009 /* SearchCore */ = {
			isa = XCSwiftPackageProductDependency;
			package = I00000000000000000000001 /* XCLocalSwiftPackageReference "KodCore" */;
			productName = SearchCore;
		};
		I0000000000000000000000A /* SearchCore */ = {
			isa = XCSwiftPackageProductDependency;
			package = I00000000000000000000001 /* XCLocalSwiftPackageReference "KodCore" */;
			productName = SearchCore;
		};
		I0000000000000000000000B /* SourceModel */ = {
			isa = XCSwiftPackageProductDependency;
			package = I00000000000000000000001 /* XCLocalSwiftPackageReference "KodCore" */;
			productName = SourceModel;
		};
		I0000000000000000000000C /* WorkspaceCore */ = {
			isa = XCSwiftPackageProductDependency;
			package = I00000000000000000000001 /* XCLocalSwiftPackageReference "KodCore" */;
			productName = WorkspaceCore;
		};
		I0000000000000000000000D /* CodeViewport */ = {
			isa = XCSwiftPackageProductDependency;
			package = I00000000000000000000001 /* XCLocalSwiftPackageReference "KodCore" */;
			productName = CodeViewport;
		};
		I0000000000000000000000E /* ThemeCore */ = {
			isa = XCSwiftPackageProductDependency;
			package = I00000000000000000000001 /* XCLocalSwiftPackageReference "KodCore" */;
			productName = ThemeCore;
		};
		I0000000000000000000000F /* FontCore */ = {
			isa = XCSwiftPackageProductDependency;
			package = I00000000000000000000001 /* XCLocalSwiftPackageReference "KodCore" */;
			productName = FontCore;
		};
		I00000000000000000000010 /* LanguageClient */ = {
			isa = XCSwiftPackageProductDependency;
			package = I00000000000000000000001 /* XCLocalSwiftPackageReference "KodCore" */;
			productName = LanguageClient;
		};
		I00000000000000000000011 /* LanguageClient */ = {
			isa = XCSwiftPackageProductDependency;
			package = I00000000000000000000001 /* XCLocalSwiftPackageReference "KodCore" */;
			productName = LanguageClient;
		};
		I00000000000000000000012 /* SyntaxCore */ = {
			isa = XCSwiftPackageProductDependency;
			package = I00000000000000000000001 /* XCLocalSwiftPackageReference "KodCore" */;
			productName = SyntaxCore;
		};
		I00000000000000000000013 /* SyntaxCore */ = {
			isa = XCSwiftPackageProductDependency;
			package = I00000000000000000000001 /* XCLocalSwiftPackageReference "KodCore" */;
			productName = SyntaxCore;
		};
		I00000000000000000000014 /* LanguageAdapters */ = {
			isa = XCSwiftPackageProductDependency;
			package = I00000000000000000000001 /* XCLocalSwiftPackageReference "KodCore" */;
			productName = LanguageAdapters;
		};
		I00000000000000000000015 /* LanguageAdapters */ = {
			isa = XCSwiftPackageProductDependency;
			package = I00000000000000000000001 /* XCLocalSwiftPackageReference "KodCore" */;
			productName = LanguageAdapters;
		};
		I00000000000000000000018 /* GitCore */ = {
			isa = XCSwiftPackageProductDependency;
			package = I00000000000000000000001 /* XCLocalSwiftPackageReference "KodCore" */;
			productName = GitCore;
		};
		I00000000000000000000019 /* GitCore */ = {
			isa = XCSwiftPackageProductDependency;
			package = I00000000000000000000001 /* XCLocalSwiftPackageReference "KodCore" */;
			productName = GitCore;
		};
		I0000000000000000000001A /* PreviewCore */ = {
			isa = XCSwiftPackageProductDependency;
			package = I00000000000000000000001 /* XCLocalSwiftPackageReference "KodCore" */;
			productName = PreviewCore;
		};
		I0000000000000000000001B /* PreviewCore */ = {
			isa = XCSwiftPackageProductDependency;
			package = I00000000000000000000001 /* XCLocalSwiftPackageReference "KodCore" */;
			productName = PreviewCore;
		};
		I0000000000000000000001C /* DiagnosticsCore */ = {
			isa = XCSwiftPackageProductDependency;
			package = I00000000000000000000001 /* XCLocalSwiftPackageReference "KodCore" */;
			productName = DiagnosticsCore;
		};
		I0000000000000000000001D /* DiagnosticsCore */ = {
			isa = XCSwiftPackageProductDependency;
			package = I00000000000000000000001 /* XCLocalSwiftPackageReference "KodCore" */;
			productName = DiagnosticsCore;
		};
		I0000000000000000000001E /* SourceIO */ = {
			isa = XCSwiftPackageProductDependency;
			package = I00000000000000000000001 /* XCLocalSwiftPackageReference "KodCore" */;
			productName = SourceIO;
		};
		I0000000000000000000001F /* SourceIO */ = {
			isa = XCSwiftPackageProductDependency;
			package = I00000000000000000000001 /* XCLocalSwiftPackageReference "KodCore" */;
			productName = SourceIO;
		};
		I00000000000000000000020 /* SettingsCore */ = {
			isa = XCSwiftPackageProductDependency;
			package = I00000000000000000000001 /* XCLocalSwiftPackageReference "KodCore" */;
			productName = SettingsCore;
		};
		I00000000000000000000021 /* SettingsCore */ = {
			isa = XCSwiftPackageProductDependency;
			package = I00000000000000000000001 /* XCLocalSwiftPackageReference "KodCore" */;
			productName = SettingsCore;
		};
		I00000000000000000000023 /* KodUIComponents */ = {
			isa = XCSwiftPackageProductDependency;
			package = I00000000000000000000022 /* XCLocalSwiftPackageReference "KodUI" */;
			productName = KodUIComponents;
		};
		I00000000000000000000024 /* KodUIComponents */ = {
			isa = XCSwiftPackageProductDependency;
			package = I00000000000000000000022 /* XCLocalSwiftPackageReference "KodUI" */;
			productName = KodUIComponents;
		};
		I00000000000000000000025 /* SearchUI */ = {
			isa = XCSwiftPackageProductDependency;
			package = I00000000000000000000022 /* XCLocalSwiftPackageReference "KodUI" */;
			productName = SearchUI;
		};
		I00000000000000000000026 /* SearchUI */ = {
			isa = XCSwiftPackageProductDependency;
			package = I00000000000000000000022 /* XCLocalSwiftPackageReference "KodUI" */;
			productName = SearchUI;
		};
		I00000000000000000000027 /* PreviewUI */ = {
			isa = XCSwiftPackageProductDependency;
			package = I00000000000000000000022 /* XCLocalSwiftPackageReference "KodUI" */;
			productName = PreviewUI;
		};
		I00000000000000000000028 /* PreviewUI */ = {
			isa = XCSwiftPackageProductDependency;
			package = I00000000000000000000022 /* XCLocalSwiftPackageReference "KodUI" */;
			productName = PreviewUI;
		};
		I00000000000000000000029 /* GitUI */ = {
			isa = XCSwiftPackageProductDependency;
			package = I00000000000000000000022 /* XCLocalSwiftPackageReference "KodUI" */;
			productName = GitUI;
		};
		I0000000000000000000002A /* GitUI */ = {
			isa = XCSwiftPackageProductDependency;
			package = I00000000000000000000022 /* XCLocalSwiftPackageReference "KodUI" */;
			productName = GitUI;
		};
		I0000000000000000000002B /* EditorUI */ = {
			isa = XCSwiftPackageProductDependency;
			package = I00000000000000000000022 /* XCLocalSwiftPackageReference "KodUI" */;
			productName = EditorUI;
		};
		I0000000000000000000002C /* EditorUI */ = {
			isa = XCSwiftPackageProductDependency;
			package = I00000000000000000000022 /* XCLocalSwiftPackageReference "KodUI" */;
			productName = EditorUI;
		};
/* End XCSwiftPackageProductDependency section */
	};
	rootObject = A00000000000000000000001 /* Project object */;
}
